{
  "version": 4,
  "terraform_version": "0.14.5",
  "serial": 19,
  "lineage": "c9fd8249-d4df-d88f-bcec-ba5426dbb3b6",
  "outputs": {},
  "resources": [
    {
      "module": "module.k8s-mesh",
      "mode": "managed",
      "type": "helm_release",
      "name": "istio_init",
      "provider": "provider[\"registry.terraform.io/hashicorp/helm\"]",
      "instances": [
        {
          "schema_version": 0,
          "attributes": {
            "atomic": false,
            "chart": "istio-init",
            "cleanup_on_fail": false,
            "create_namespace": false,
            "dependency_update": false,
            "description": null,
            "devel": null,
            "disable_crd_hooks": false,
            "disable_openapi_validation": false,
            "disable_webhooks": false,
            "force_update": false,
            "id": "istio-init",
            "keyring": null,
            "lint": false,
            "max_history": 0,
            "metadata": [
              {
                "app_version": "1.4.3",
                "chart": "istio-init",
                "name": "istio-init",
                "namespace": "istio-system",
                "revision": 1,
                "values": "{}",
                "version": "1.4.3"
              }
            ],
            "name": "istio-init",
            "namespace": "istio-system",
            "postrender": [],
            "recreate_pods": false,
            "render_subchart_notes": true,
            "replace": false,
            "repository": "https://storage.googleapis.com/istio-release/releases/1.4.3/charts/",
            "repository_ca_file": null,
            "repository_cert_file": null,
            "repository_key_file": null,
            "repository_password": null,
            "repository_username": null,
            "reset_values": false,
            "reuse_values": false,
            "set": [],
            "set_sensitive": [],
            "skip_crds": false,
            "status": "deployed",
            "timeout": 300,
            "values": null,
            "verify": false,
            "version": "1.4.3",
            "wait": true
          },
          "sensitive_attributes": [],
          "private": "bnVsbA==",
          "dependencies": [
            "module.k8s-mesh.kubernetes_namespace.istio_namespace"
          ]
        }
      ]
    },
    {
      "module": "module.k8s-mesh",
      "mode": "managed",
      "type": "kubernetes_namespace",
      "name": "istio_namespace",
      "provider": "provider[\"registry.terraform.io/hashicorp/kubernetes\"]",
      "instances": [
        {
          "schema_version": 0,
          "attributes": {
            "id": "istio-system",
            "metadata": [
              {
                "annotations": {
                  "cattle.io/status": "placeholder",
                  "lifecycle.cattle.io/create.namespace-auth": "placeholder"
                },
                "generate_name": "",
                "generation": 0,
                "labels": {
                  "app": "istio",
                  "context": "v1",
                  "department": "global-digital",
                  "istio-injection": "disabled",
                  "owner": "gds",
                  "scope": "platform",
                  "team": "enable"
                },
                "name": "istio-system",
                "resource_version": "4754",
                "self_link": "",
                "uid": "ac6294ce-6dbe-48ab-b3b3-747edbecfa98"
              }
            ],
            "timeouts": null
          },
          "sensitive_attributes": [],
          "private": "eyJlMmJmYjczMC1lY2FhLTExZTYtOGY4OC0zNDM2M2JjN2M0YzAiOnsiZGVsZXRlIjozMDAwMDAwMDAwMDB9fQ=="
        }
      ]
    },
    {
      "module": "module.k8s-mesh",
      "mode": "managed",
      "type": "kubernetes_secret",
      "name": "grafana_secret",
      "provider": "provider[\"registry.terraform.io/hashicorp/kubernetes\"]",
      "instances": [
        {
          "schema_version": 0,
          "attributes": {
            "data": {
              "passphrase": "gdsadmin",
              "username": "admin"
            },
            "id": "istio-system/grafana",
            "metadata": [
              {
                "annotations": null,
                "generate_name": "",
                "generation": 0,
                "labels": {
                  "app": "istio",
                  "context": "v1",
                  "department": "global-digital",
                  "istio-injection": "disabled",
                  "owner": "gds",
                  "scope": "platform",
                  "team": "enable"
                },
                "name": "grafana",
                "namespace": "istio-system",
                "resource_version": "4759",
                "self_link": "",
                "uid": "55bc67a9-c760-4755-beda-d002ce0e2e4d"
              }
            ],
            "type": "Opaque"
          },
          "sensitive_attributes": [],
          "private": "bnVsbA==",
          "dependencies": [
            "module.k8s-mesh.kubernetes_namespace.istio_namespace"
          ]
        }
      ]
    },
    {
      "module": "module.k8s-mesh",
      "mode": "managed",
      "type": "kubernetes_secret",
      "name": "kiali_secret",
      "provider": "provider[\"registry.terraform.io/hashicorp/kubernetes\"]",
      "instances": [
        {
          "schema_version": 0,
          "attributes": {
            "data": {
              "passphrase": "gdsadmin",
              "username": "admin"
            },
            "id": "istio-system/kiali",
            "metadata": [
              {
                "annotations": null,
                "generate_name": "",
                "generation": 0,
                "labels": {
                  "app": "istio",
                  "context": "v1",
                  "department": "global-digital",
                  "istio-injection": "disabled",
                  "owner": "gds",
                  "scope": "platform",
                  "team": "enable"
                },
                "name": "kiali",
                "namespace": "istio-system",
                "resource_version": "4758",
                "self_link": "",
                "uid": "db9dec80-1490-4c62-a437-0f0ff01f18fa"
              }
            ],
            "type": "Opaque"
          },
          "sensitive_attributes": [],
          "private": "bnVsbA==",
          "dependencies": [
            "module.k8s-mesh.kubernetes_namespace.istio_namespace"
          ]
        }
      ]
    },
    {
      "module": "module.k8s-mesh",
      "mode": "managed",
      "type": "null_resource",
      "name": "istio_delay",
      "provider": "provider[\"registry.terraform.io/hashicorp/null\"]",
      "instances": [
        {
          "schema_version": 0,
          "attributes": {
            "id": "7937777277133285860",
            "triggers": {
              "istio_service_name": "istio"
            }
          },
          "sensitive_attributes": [],
          "private": "bnVsbA==",
          "dependencies": [
            "module.k8s-mesh.helm_release.istio_init",
            "module.k8s-mesh.kubernetes_namespace.istio_namespace"
          ]
        }
      ]
    }
  ]
}
