{
  "version": 4,
  "terraform_version": "0.12.29",
  "serial": 88,
  "lineage": "94ba8ce0-2759-d703-b4dd-2571717f7c2e",
  "outputs": {
    "mapping": {
      "value": "apiVersion: getambassador.io/v2\r\nkind: Mapping\r\nmetadata:\r\n  name: kubernetes-dashboard-admin\r\n  namespace: kubernetes-dashboard\r\nspec:\r\n  ambassador_id:\r\n  - ambassador-internal\r\n  prefix: /dashboard-admin/\r\n  service: kubernetes-dashboard.{$service_name}:80\r\n\r\n--- \r\n\r\napiVersion: getambassador.io/v2\r\nkind: Mapping\r\nmetadata:\r\n  name: kubernetes-dashboard-readonly\r\n  namespace: kubernetes-dashboard\r\nspec:\r\n  add_request_headers:\r\n    Authorization: Bearer eyJhbGciOiJSUzI1NiIsImtpZCI6IlNlT2Z6cWxCa2djSEJIa1pBYTZrMzZRSlNFOWJTaGhlUExLZ0VrSDliQncifQ.eyJpc3MiOiJrdWJlcm5ldGVzL3NlcnZpY2VhY2NvdW50Iiwia3ViZXJuZXRlcy5pby9zZXJ2aWNlYWNjb3VudC9uYW1lc3BhY2UiOiJrdWJlcm5ldGVzLWRhc2hib2FyZCIsImt1YmVybmV0ZXMuaW8vc2VydmljZWFjY291bnQvc2VjcmV0Lm5hbWUiOiJrdWJlcm5ldGVzLWRhc2hib2FyZC12aWV3b25seS10b2tlbi1qc3JicSIsImt1YmVybmV0ZXMuaW8vc2VydmljZWFjY291bnQvc2VydmljZS1hY2NvdW50Lm5hbWUiOiJrdWJlcm5ldGVzLWRhc2hib2FyZC12aWV3b25seSIsImt1YmVybmV0ZXMuaW8vc2VydmljZWFjY291bnQvc2VydmljZS1hY2NvdW50LnVpZCI6IjdhZDg0ODIxLWRhYzgtNDE3Mi1iMWY5LTcwNTE3YjliNDEwYiIsInN1YiI6InN5c3RlbTpzZXJ2aWNlYWNjb3VudDprdWJlcm5ldGVzLWRhc2hib2FyZDprdWJlcm5ldGVzLWRhc2hib2FyZC12aWV3b25seSJ9.fXJcycRKlAHF5F7pTpK2AdMV0MkaOp2qagYMLWE4aNrXKbMs7QMacDP6M2GyWfOq5uewKCJHWspN4Li3yrnMFWQma_NrzMWsM7DxfZUr7jaMZu6Kg523IExvCHfs3NG5Qsi-PqZ7VJ4qjI7tacCsXlyEfMGOUWGNjocsJR_SSIYWRHgAfZMMe6G9i5O2SSMxTszBFhaLforhnHCuGzFPURkpZdMIIc8RWD6u84frPs2DFznj_pzwtSlcsRKcHl9acEcz2DObNvd8i1HIz9JfHpwGWZLguaJCOf80FOLCfR5fSR-ICS32LE34venDmlZ6Su0sW5XFHWXvZZSNRnorAw\r\n  ambassador_id:\r\n  - ambassador-internal\r\n  prefix: /dashboard/\r\n  service: kubernetes-dashboard.kubernetes-dashboard:80\r\n\r\n",
      "type": "string"
    }
  },
  "resources": [
    {
      "module": "module.k8s-dashboard",
      "mode": "data",
      "type": "kubernetes_secret",
      "name": "get_token_viewonly_secret",
      "provider": "provider.kubernetes",
      "instances": [
        {
          "schema_version": 0,
          "attributes": {
            "data": {
              "ca.crt": "-----BEGIN CERTIFICATE-----\nMIIDBjCCAe6gAwIBAgIBATANBgkqhkiG9w0BAQsFADAVMRMwEQYDVQQDEwptaW5p\na3ViZUNBMB4XDTIwMTIwOTA4NDUzNloXDTMwMTIwODA4NDUzNlowFTETMBEGA1UE\nAxMKbWluaWt1YmVDQTCCASIwDQYJKoZIhvcNAQEBBQADggEPADCCAQoCggEBAKVi\nFVnG41lPDeRrRGWoYnJHl5y6m0FOlsFLX42SFwQuwIHrEPVBdWqG5bOIZ7yWjhQN\nXqv2r+BzEQiN5wSmOF4MFChN3VEZidQbam9Js7uCYj2e8AjmLejgwZ2Z2wczq671\nUcO2wA7Siu25KmiSq9YvYCixWgdTxt+x+8m/WRgejVMxGYAaUKHeJsSFMYODdDlM\nEhhJKSbcrGf/YVDNczaMC5dKSSUnK8c96WZfBA/V9ownOgKPvbQSNUB1J0aLG/X5\nPs784qL1YRcG9yRSCtflIsrT7i4KivjtcYB2HUyfQfhdRp1ZiVRAmQ98o/Wo0Bry\njpuuQ1vvTTB2UFkoOGUCAwEAAaNhMF8wDgYDVR0PAQH/BAQDAgKkMB0GA1UdJQQW\nMBQGCCsGAQUFBwMCBggrBgEFBQcDATAPBgNVHRMBAf8EBTADAQH/MB0GA1UdDgQW\nBBTjE+T8Q3l9da5EjcJfT+sik/+W6jANBgkqhkiG9w0BAQsFAAOCAQEANz9W9HIa\nJ4WSR6wzPeK8LJXnF8kxAoLHd4LzTideEvtFFF/UZFfTHU7oOQcVRNMYyXoAd17/\n3J2ccz9A76QvW6il9mDY71hftZp/+km6qp1vLATHoUYBZs+aoeyU13GFGMEpNuPX\nD2ePtYHjBrfo4t8kgxgVnX7w05XSV/Ik5frihowTRakwIo4pHuRGddekM0eSQlqS\nzfAqgOy0ehd1v6PBAEgIyUX6vS5W3zsG0+58JVzQWH7gfg4J6YFbwLTGx/vOljfB\ngpZuw7LpPWhpfOXGS69auoPRhXY/EArj4Y602wliWC3bZD4J9MYIalLj2OaMYJhC\nhBRIWbRhKEoqKw==\n-----END CERTIFICATE-----\n",
              "namespace": "kubernetes-dashboard",
              "token": "eyJhbGciOiJSUzI1NiIsImtpZCI6IlNlT2Z6cWxCa2djSEJIa1pBYTZrMzZRSlNFOWJTaGhlUExLZ0VrSDliQncifQ.eyJpc3MiOiJrdWJlcm5ldGVzL3NlcnZpY2VhY2NvdW50Iiwia3ViZXJuZXRlcy5pby9zZXJ2aWNlYWNjb3VudC9uYW1lc3BhY2UiOiJrdWJlcm5ldGVzLWRhc2hib2FyZCIsImt1YmVybmV0ZXMuaW8vc2VydmljZWFjY291bnQvc2VjcmV0Lm5hbWUiOiJrdWJlcm5ldGVzLWRhc2hib2FyZC12aWV3b25seS10b2tlbi1qc3JicSIsImt1YmVybmV0ZXMuaW8vc2VydmljZWFjY291bnQvc2VydmljZS1hY2NvdW50Lm5hbWUiOiJrdWJlcm5ldGVzLWRhc2hib2FyZC12aWV3b25seSIsImt1YmVybmV0ZXMuaW8vc2VydmljZWFjY291bnQvc2VydmljZS1hY2NvdW50LnVpZCI6IjdhZDg0ODIxLWRhYzgtNDE3Mi1iMWY5LTcwNTE3YjliNDEwYiIsInN1YiI6InN5c3RlbTpzZXJ2aWNlYWNjb3VudDprdWJlcm5ldGVzLWRhc2hib2FyZDprdWJlcm5ldGVzLWRhc2hib2FyZC12aWV3b25seSJ9.fXJcycRKlAHF5F7pTpK2AdMV0MkaOp2qagYMLWE4aNrXKbMs7QMacDP6M2GyWfOq5uewKCJHWspN4Li3yrnMFWQma_NrzMWsM7DxfZUr7jaMZu6Kg523IExvCHfs3NG5Qsi-PqZ7VJ4qjI7tacCsXlyEfMGOUWGNjocsJR_SSIYWRHgAfZMMe6G9i5O2SSMxTszBFhaLforhnHCuGzFPURkpZdMIIc8RWD6u84frPs2DFznj_pzwtSlcsRKcHl9acEcz2DObNvd8i1HIz9JfHpwGWZLguaJCOf80FOLCfR5fSR-ICS32LE34venDmlZ6Su0sW5XFHWXvZZSNRnorAw"
            },
            "id": "kubernetes-dashboard/kubernetes-dashboard-viewonly-token-jsrbq",
            "metadata": [
              {
                "annotations": {},
                "generation": 0,
                "labels": {},
                "name": "kubernetes-dashboard-viewonly-token-jsrbq",
                "namespace": "kubernetes-dashboard",
                "resource_version": "568",
                "self_link": "",
                "uid": "1e936588-5755-4ca5-8693-0635e7cfcb1a"
              }
            ],
            "type": "kubernetes.io/service-account-token"
          }
        }
      ]
    },
    {
      "module": "module.k8s-dashboard",
      "mode": "data",
      "type": "kubernetes_service_account",
      "name": "get_token_viewonly_sa",
      "provider": "provider.kubernetes",
      "instances": [
        {
          "schema_version": 0,
          "attributes": {
            "automount_service_account_token": true,
            "default_secret_name": "kubernetes-dashboard-viewonly-token-jsrbq",
            "id": "kubernetes-dashboard/kubernetes-dashboard-viewonly",
            "image_pull_secret": [],
            "metadata": [
              {
                "annotations": {},
                "generation": 0,
                "labels": {
                  "application": "kubernetes-dashboard",
                  "context": "v1",
                  "istio-injection": "disabled",
                  "module": "k8s-dashboard",
                  "owner": "gds",
                  "scope": "platform",
                  "team": "enable"
                },
                "name": "kubernetes-dashboard-viewonly",
                "namespace": "kubernetes-dashboard",
                "resource_version": "571",
                "self_link": "",
                "uid": "7ad84821-dac8-4172-b1f9-70517b9b410b"
              }
            ],
            "secret": []
          }
        }
      ]
    },
    {
      "module": "module.k8s-dashboard",
      "mode": "data",
      "type": "template_file",
      "name": "mapping",
      "provider": "provider.template",
      "instances": [
        {
          "schema_version": 0,
          "attributes": {
            "filename": null,
            "id": "c5504371b5917a58eb46fc61ac75119bccff8417e549eaa2e12c2f995d9e7095",
            "rendered": "apiVersion: getambassador.io/v2\r\nkind: Mapping\r\nmetadata:\r\n  name: kubernetes-dashboard-admin\r\n  namespace: kubernetes-dashboard\r\nspec:\r\n  ambassador_id:\r\n  - ambassador-internal\r\n  prefix: /dashboard-admin/\r\n  service: kubernetes-dashboard.{$service_name}:80\r\n\r\n--- \r\n\r\napiVersion: getambassador.io/v2\r\nkind: Mapping\r\nmetadata:\r\n  name: kubernetes-dashboard-readonly\r\n  namespace: kubernetes-dashboard\r\nspec:\r\n  add_request_headers:\r\n    Authorization: Bearer eyJhbGciOiJSUzI1NiIsImtpZCI6IlNlT2Z6cWxCa2djSEJIa1pBYTZrMzZRSlNFOWJTaGhlUExLZ0VrSDliQncifQ.eyJpc3MiOiJrdWJlcm5ldGVzL3NlcnZpY2VhY2NvdW50Iiwia3ViZXJuZXRlcy5pby9zZXJ2aWNlYWNjb3VudC9uYW1lc3BhY2UiOiJrdWJlcm5ldGVzLWRhc2hib2FyZCIsImt1YmVybmV0ZXMuaW8vc2VydmljZWFjY291bnQvc2VjcmV0Lm5hbWUiOiJrdWJlcm5ldGVzLWRhc2hib2FyZC12aWV3b25seS10b2tlbi1qc3JicSIsImt1YmVybmV0ZXMuaW8vc2VydmljZWFjY291bnQvc2VydmljZS1hY2NvdW50Lm5hbWUiOiJrdWJlcm5ldGVzLWRhc2hib2FyZC12aWV3b25seSIsImt1YmVybmV0ZXMuaW8vc2VydmljZWFjY291bnQvc2VydmljZS1hY2NvdW50LnVpZCI6IjdhZDg0ODIxLWRhYzgtNDE3Mi1iMWY5LTcwNTE3YjliNDEwYiIsInN1YiI6InN5c3RlbTpzZXJ2aWNlYWNjb3VudDprdWJlcm5ldGVzLWRhc2hib2FyZDprdWJlcm5ldGVzLWRhc2hib2FyZC12aWV3b25seSJ9.fXJcycRKlAHF5F7pTpK2AdMV0MkaOp2qagYMLWE4aNrXKbMs7QMacDP6M2GyWfOq5uewKCJHWspN4Li3yrnMFWQma_NrzMWsM7DxfZUr7jaMZu6Kg523IExvCHfs3NG5Qsi-PqZ7VJ4qjI7tacCsXlyEfMGOUWGNjocsJR_SSIYWRHgAfZMMe6G9i5O2SSMxTszBFhaLforhnHCuGzFPURkpZdMIIc8RWD6u84frPs2DFznj_pzwtSlcsRKcHl9acEcz2DObNvd8i1HIz9JfHpwGWZLguaJCOf80FOLCfR5fSR-ICS32LE34venDmlZ6Su0sW5XFHWXvZZSNRnorAw\r\n  ambassador_id:\r\n  - ambassador-internal\r\n  prefix: /dashboard/\r\n  service: kubernetes-dashboard.kubernetes-dashboard:80\r\n\r\n",
            "template": "apiVersion: getambassador.io/v2\r\nkind: Mapping\r\nmetadata:\r\n  name: kubernetes-dashboard-admin\r\n  namespace: ${namespace}\r\nspec:\r\n  ambassador_id:\r\n  - ambassador-internal\r\n  prefix: /dashboard-admin/\r\n  service: ${namespace}.{$service_name}:80\r\n\r\n--- \r\n\r\napiVersion: getambassador.io/v2\r\nkind: Mapping\r\nmetadata:\r\n  name: kubernetes-dashboard-readonly\r\n  namespace: ${namespace}\r\nspec:\r\n  add_request_headers:\r\n    Authorization: Bearer ${token}\r\n  ambassador_id:\r\n  - ambassador-internal\r\n  prefix: /dashboard/\r\n  service: ${namespace}.${service_name}:80\r\n\r\n",
            "vars": {
              "namespace": "kubernetes-dashboard",
              "service_name": "kubernetes-dashboard",
              "token": "eyJhbGciOiJSUzI1NiIsImtpZCI6IlNlT2Z6cWxCa2djSEJIa1pBYTZrMzZRSlNFOWJTaGhlUExLZ0VrSDliQncifQ.eyJpc3MiOiJrdWJlcm5ldGVzL3NlcnZpY2VhY2NvdW50Iiwia3ViZXJuZXRlcy5pby9zZXJ2aWNlYWNjb3VudC9uYW1lc3BhY2UiOiJrdWJlcm5ldGVzLWRhc2hib2FyZCIsImt1YmVybmV0ZXMuaW8vc2VydmljZWFjY291bnQvc2VjcmV0Lm5hbWUiOiJrdWJlcm5ldGVzLWRhc2hib2FyZC12aWV3b25seS10b2tlbi1qc3JicSIsImt1YmVybmV0ZXMuaW8vc2VydmljZWFjY291bnQvc2VydmljZS1hY2NvdW50Lm5hbWUiOiJrdWJlcm5ldGVzLWRhc2hib2FyZC12aWV3b25seSIsImt1YmVybmV0ZXMuaW8vc2VydmljZWFjY291bnQvc2VydmljZS1hY2NvdW50LnVpZCI6IjdhZDg0ODIxLWRhYzgtNDE3Mi1iMWY5LTcwNTE3YjliNDEwYiIsInN1YiI6InN5c3RlbTpzZXJ2aWNlYWNjb3VudDprdWJlcm5ldGVzLWRhc2hib2FyZDprdWJlcm5ldGVzLWRhc2hib2FyZC12aWV3b25seSJ9.fXJcycRKlAHF5F7pTpK2AdMV0MkaOp2qagYMLWE4aNrXKbMs7QMacDP6M2GyWfOq5uewKCJHWspN4Li3yrnMFWQma_NrzMWsM7DxfZUr7jaMZu6Kg523IExvCHfs3NG5Qsi-PqZ7VJ4qjI7tacCsXlyEfMGOUWGNjocsJR_SSIYWRHgAfZMMe6G9i5O2SSMxTszBFhaLforhnHCuGzFPURkpZdMIIc8RWD6u84frPs2DFznj_pzwtSlcsRKcHl9acEcz2DObNvd8i1HIz9JfHpwGWZLguaJCOf80FOLCfR5fSR-ICS32LE34venDmlZ6Su0sW5XFHWXvZZSNRnorAw"
            }
          }
        }
      ]
    },
    {
      "module": "module.k8s-core",
      "mode": "managed",
      "type": "helm_release",
      "name": "calico",
      "provider": "provider.helm",
      "instances": [
        {
          "schema_version": 0,
          "attributes": {
            "atomic": false,
            "chart": "modules/k8s-core/charts/calico/",
            "cleanup_on_fail": false,
            "create_namespace": false,
            "dependency_update": true,
            "description": null,
            "devel": null,
            "disable_crd_hooks": false,
            "disable_openapi_validation": false,
            "disable_webhooks": false,
            "force_update": false,
            "id": "calico",
            "keyring": null,
            "lint": false,
            "manifest": null,
            "max_history": 0,
            "metadata": [
              {
                "app_version": "1.0.0",
                "chart": "calico",
                "name": "calico",
                "namespace": "kube-system",
                "revision": 1,
                "values": "{}",
                "version": "1.0.3"
              }
            ],
            "name": "calico",
            "namespace": "kube-system",
            "postrender": [],
            "recreate_pods": false,
            "render_subchart_notes": true,
            "replace": false,
            "repository": null,
            "repository_ca_file": null,
            "repository_cert_file": null,
            "repository_key_file": null,
            "repository_password": null,
            "repository_username": null,
            "reset_values": false,
            "reuse_values": false,
            "set": [],
            "set_sensitive": [],
            "skip_crds": false,
            "status": "deployed",
            "timeout": 300,
            "values": null,
            "verify": false,
            "version": "1.0.3",
            "wait": true
          },
          "private": "bnVsbA=="
        }
      ]
    },
    {
      "module": "module.k8s-mesh",
      "mode": "managed",
      "type": "helm_release",
      "name": "istio",
      "provider": "provider.helm",
      "instances": [
        {
          "schema_version": 0,
          "attributes": {
            "atomic": false,
            "chart": "modules/k8s-mesh/charts/istio/",
            "cleanup_on_fail": false,
            "create_namespace": false,
            "dependency_update": false,
            "description": null,
            "devel": null,
            "disable_crd_hooks": false,
            "disable_openapi_validation": false,
            "disable_webhooks": false,
            "force_update": false,
            "id": "istio",
            "keyring": null,
            "lint": false,
            "manifest": null,
            "max_history": 0,
            "metadata": [
              {
                "app_version": "",
                "chart": "istio",
                "name": "istio",
                "namespace": "istio-system",
                "revision": 1,
                "values": "{\"hub\":\"docker.io/istio\",\"operatorNamespace\":\"istio-operator\",\"tag\":\"1.8.2\"}",
                "version": "1.0.3"
              }
            ],
            "name": "istio",
            "namespace": "istio-system",
            "postrender": [],
            "recreate_pods": false,
            "render_subchart_notes": true,
            "replace": false,
            "repository": null,
            "repository_ca_file": null,
            "repository_cert_file": null,
            "repository_key_file": null,
            "repository_password": null,
            "repository_username": null,
            "reset_values": false,
            "reuse_values": false,
            "set": [
              {
                "name": "hub",
                "type": "",
                "value": "docker.io/istio"
              },
              {
                "name": "operatorNamespace",
                "type": "",
                "value": "istio-operator"
              },
              {
                "name": "tag",
                "type": "",
                "value": "1.8.2"
              }
            ],
            "set_sensitive": [],
            "skip_crds": false,
            "status": "deployed",
            "timeout": 300,
            "values": null,
            "verify": false,
            "version": "1.0.3",
            "wait": true
          },
          "private": "bnVsbA==",
          "dependencies": [
            "module.k8s-mesh.helm_release.istio_operator",
            "module.k8s-mesh.kubernetes_namespace.istio_namespace",
            "module.k8s-mesh.kubernetes_namespace.istio_operator_namespace"
          ]
        }
      ]
    },
    {
      "module": "module.k8s-mesh",
      "mode": "managed",
      "type": "helm_release",
      "name": "istio_operator",
      "provider": "provider.helm",
      "instances": [
        {
          "schema_version": 0,
          "attributes": {
            "atomic": false,
            "chart": "modules/k8s-mesh/charts/istio-operator/",
            "cleanup_on_fail": false,
            "create_namespace": false,
            "dependency_update": false,
            "description": null,
            "devel": null,
            "disable_crd_hooks": false,
            "disable_openapi_validation": false,
            "disable_webhooks": false,
            "force_update": false,
            "id": "istio-operator",
            "keyring": null,
            "lint": false,
            "manifest": null,
            "max_history": 0,
            "metadata": [
              {
                "app_version": "",
                "chart": "istio-operator",
                "name": "istio-operator",
                "namespace": "istio-operator",
                "revision": 1,
                "values": "{\"hub\":\"docker.io/istio\",\"operatorNamespace\":\"istio-operator\",\"tag\":\"1.8.2\"}",
                "version": "1.7.1"
              }
            ],
            "name": "istio-operator",
            "namespace": "istio-operator",
            "postrender": [],
            "recreate_pods": false,
            "render_subchart_notes": true,
            "replace": false,
            "repository": null,
            "repository_ca_file": null,
            "repository_cert_file": null,
            "repository_key_file": null,
            "repository_password": null,
            "repository_username": null,
            "reset_values": false,
            "reuse_values": false,
            "set": [
              {
                "name": "hub",
                "type": "",
                "value": "docker.io/istio"
              },
              {
                "name": "operatorNamespace",
                "type": "",
                "value": "istio-operator"
              },
              {
                "name": "tag",
                "type": "",
                "value": "1.8.2"
              }
            ],
            "set_sensitive": [],
            "skip_crds": false,
            "status": "deployed",
            "timeout": 300,
            "values": null,
            "verify": false,
            "version": "1.7.1",
            "wait": true
          },
          "private": "bnVsbA==",
          "dependencies": [
            "module.k8s-mesh.kubernetes_namespace.istio_namespace",
            "module.k8s-mesh.kubernetes_namespace.istio_operator_namespace"
          ]
        }
      ]
    },
    {
      "module": "module.k8s-mesh",
      "mode": "managed",
      "type": "helm_release",
      "name": "kiali_operator",
      "provider": "provider.helm",
      "instances": [
        {
          "schema_version": 0,
          "attributes": {
            "atomic": false,
            "chart": "kiali-operator",
            "cleanup_on_fail": false,
            "create_namespace": false,
            "dependency_update": false,
            "description": null,
            "devel": null,
            "disable_crd_hooks": false,
            "disable_openapi_validation": false,
            "disable_webhooks": false,
            "force_update": false,
            "id": "kiali-operator",
            "keyring": null,
            "lint": false,
            "manifest": null,
            "max_history": 0,
            "metadata": [
              {
                "app_version": "v1.32.0",
                "chart": "kiali-operator",
                "name": "kiali-operator",
                "namespace": "kiali-operator",
                "revision": 1,
                "values": "{\"affinity\":{},\"clusterRoleCreator\":true,\"cr\":{\"create\":true,\"name\":\"kiali\",\"namespace\":\"istio-system\",\"spec\":{\"auth\":{\"strategy\":\"anonymous\"},\"deployment\":{\"accessible_namespaces\":[\"**\"],\"ingress_enabled\":false,\"namespace\":\"istio-system\",\"replicas\":2},\"external_services\":{\"grafana\":{\"enabled\":false},\"istio\":{\"component_status\":{\"components\":[{\"app_label\":\"istiod\",\"is_core\":true},{\"app_label\":\"istio-egressgateway\",\"is_core\":true}],\"enabled\":true},\"config_map_name\":\"istio\",\"istio_identity_domain\":\"svc.cluster.local\",\"istio_injection_annotation\":\"sidecar.istio.io/inject\",\"istio_sidecar_annotation\":\"sidecar.istio.io/status\",\"url_service_version\":\"\"},\"prometheus\":{\"component_status\":{\"app_label\":\"prometheus\",\"is_core\":true,\"namespace\":\"monitoring\"},\"url\":\"http://monitoring-kube-prometheus-prometheus.monitoring.svc.cluster.local:9090\"},\"tracing\":{\"enabled\":false}},\"istio_component_namespaces\":{\"grafana\":\"monitoring\",\"prometheus\":\"monitoring\",\"tracing\":\"monitoring\"},\"istio_namespace\":\"istio-system\",\"server\":{\"web_fqdn\":\"\"}}},\"debug\":{\"enableProfiler\":false,\"enabled\":true,\"verbosity\":\"1\"},\"env\":[],\"metrics\":{\"enabled\":true},\"onlyViewOnlyMode\":false,\"podAnnotations\":{},\"priorityClassName\":\"\",\"replicaCount\":1,\"resources\":{},\"tolerations\":[],\"watchNamespace\":\"\"}",
                "version": "1.32.0"
              }
            ],
            "name": "kiali-operator",
            "namespace": "kiali-operator",
            "postrender": [],
            "recreate_pods": false,
            "render_subchart_notes": true,
            "replace": false,
            "repository": "https://kiali.org/helm-charts",
            "repository_ca_file": null,
            "repository_cert_file": null,
            "repository_key_file": null,
            "repository_password": null,
            "repository_username": null,
            "reset_values": false,
            "reuse_values": false,
            "set": [
              {
                "name": "cr.create",
                "type": "",
                "value": "true"
              },
              {
                "name": "cr.namespace",
                "type": "",
                "value": "istio-system"
              }
            ],
            "set_sensitive": [],
            "skip_crds": false,
            "status": "deployed",
            "timeout": 300,
            "values": [
              "# Deployment options for the operator pod.\r\n# nodeSelector:\r\n#   worker-class: private\r\npodAnnotations: {}\r\nenv: []\r\ntolerations: []\r\nresources: {}\r\naffinity: {}\r\nreplicaCount: 1\r\npriorityClassName: \"\"\r\n\r\n# metrics.enabled: set to true if you want Prometheus to collect metrics from the operator\r\nmetrics:\r\n  enabled: true\r\n\r\n# debug.enabled: when true the full ansible logs are dumped after each reconciliation run\r\n# debug.verbosity: defines the amount of details the operator will log (higher numbers are more noisy)\r\n# debug.enableProfiler: when true (regardless of debug.enabled), timings for the most expensive tasks will be logged after each reconciliation loop\r\ndebug:\r\n  enabled: true\r\n  verbosity: \"1\"\r\n  enableProfiler: false\r\n\r\n# Defines where the operator will look for Kial CR resources. \"\" means \"all namespaces\".\r\nwatchNamespace: \"\"\r\n\r\n# Set to true if you want the operator to be able to create cluster roles. This is necessary\r\n# if you want to support Kiali CRs with spec.deployment.accessible_namespaces of '**'.\r\n# Note that this will be overriden to \"true\" if cr.create is true and cr.spec.deployment.accessible_namespaces is ['**'].\r\nclusterRoleCreator: true\r\n\r\n# Set to true if you want to allow the operator to only be able to install Kiali in view-only-mode.\r\n# The purpose for this setting is to allow you to restrict the permissions given to the operator itself.\r\nonlyViewOnlyMode: false\r\n\r\n# For what a Kiali CR spec can look like, see:\r\n# https://github.com/kiali/kiali-operator/blob/master/deploy/kiali/kiali_cr.yaml\r\ncr:\r\n  create: false\r\n  name: kiali\r\n  # If you elect to create a Kiali CR (--set cr.create=true)\r\n  # and the operator is watching all namespaces (--set watchNamespace=\"\")\r\n  # then this is the namespace where the CR will be created (the default will be the operator namespace).\r\n  namespace: \"\"\r\n  spec:\r\n    istio_namespace: istio-system\r\n    istio_component_namespaces:\r\n      prometheus: monitoring\r\n      grafana: monitoring\r\n      tracing: monitoring\r\n    auth:\r\n      strategy: \"anonymous\"\r\n    deployment:\r\n      # node_selector:\r\n      #   worker-class: private\r\n      replicas: 2\r\n      accessible_namespaces: [\"**\"]\r\n      namespace: istio-system\r\n      ingress_enabled: false\r\n    server:\r\n      web_fqdn: \"\"\r\n    external_services:\r\n      grafana:\r\n        enabled: false        \r\n      istio:\r\n        component_status:\r\n          enabled: true\r\n          components:\r\n          - app_label: istiod\r\n            is_core: true\r\n          - app_label: istio-egressgateway\r\n            is_core: true\r\n        config_map_name: \"istio\"\r\n        istio_identity_domain: \"svc.cluster.local\"\r\n        istio_injection_annotation: \"sidecar.istio.io/inject\"\r\n        istio_sidecar_annotation: \"sidecar.istio.io/status\"\r\n        url_service_version: \"\"\r\n      prometheus:\r\n        component_status:\r\n          app_label: \"prometheus\"\r\n          namespace: monitoring\r\n          is_core: true\r\n        url: \"http://monitoring-kube-prometheus-prometheus.monitoring.svc.cluster.local:9090\"\r\n      tracing:\r\n        enabled: false"
            ],
            "verify": false,
            "version": "1.32.0",
            "wait": true
          },
          "private": "bnVsbA==",
          "dependencies": [
            "module.k8s-mesh.helm_release.istio",
            "module.k8s-mesh.helm_release.istio_operator",
            "module.k8s-mesh.kubernetes_namespace.istio_namespace",
            "module.k8s-mesh.kubernetes_namespace.istio_operator_namespace",
            "module.k8s-mesh.kubernetes_namespace.kiali_operator_namespace"
          ]
        }
      ]
    },
    {
      "module": "module.k8s-monitor",
      "mode": "managed",
      "type": "helm_release",
      "name": "kube_prometheus_stack",
      "provider": "provider.helm",
      "instances": [
        {
          "schema_version": 0,
          "attributes": {
            "atomic": false,
            "chart": "kube-prometheus-stack",
            "cleanup_on_fail": false,
            "create_namespace": false,
            "dependency_update": true,
            "description": null,
            "devel": null,
            "disable_crd_hooks": false,
            "disable_openapi_validation": false,
            "disable_webhooks": false,
            "force_update": false,
            "id": "monitoring",
            "keyring": null,
            "lint": false,
            "manifest": null,
            "max_history": 0,
            "metadata": [
              {
                "app_version": "0.47.0",
                "chart": "kube-prometheus-stack",
                "name": "monitoring",
                "namespace": "monitoring",
                "revision": 1,
                "values": "{\"global\":{\"rbac\":{\"create\":true,\"pspEnabled\":false}},\"grafana\":{\"adminPassword\":\"admin\",\"dashboardProviders\":{\"dashboardproviders.yaml\":{\"apiVersion\":1,\"providers\":[{\"disableDeletion\":false,\"editable\":true,\"folder\":\"\",\"name\":\"default\",\"options\":{\"path\":\"/var/lib/grafana/dashboards/default\"},\"orgId\":1,\"type\":\"file\"},{\"disableDeletion\":false,\"editable\":true,\"folder\":\"Istio\",\"name\":\"istio\",\"options\":{\"path\":\"/var/lib/grafana/dashboards/istio\"},\"orgId\":1,\"type\":\"file\"},{\"disableDeletion\":false,\"editable\":true,\"folder\":\"JVM\",\"name\":\"jvm\",\"options\":{\"path\":\"/var/lib/grafana/dashboards/jvm\"},\"orgId\":1,\"type\":\"file\"},{\"disableDeletion\":false,\"editable\":true,\"folder\":\"K8s\",\"name\":\"k8s\",\"options\":{\"path\":\"/var/lib/grafana/dashboards/k8s\"},\"orgId\":1,\"type\":\"file\"}]}},\"dashboards\":{\"default\":{\"ambassador-dasboard\":{\"datasource\":\"Prometheus\",\"gnetId\":10850,\"revision\":2},\"calico\":{\"datasource\":\"Prometheus\",\"gnetId\":12175,\"revision\":5},\"polistat\":{\"datasource\":\"Prometheus\",\"gnetId\":11360,\"revision\":1}},\"istio\":{\"istio-control-pane\":{\"datasource\":\"Prometheus\",\"gnetId\":7645,\"revision\":48},\"istio-mesh\":{\"datasource\":\"Prometheus\",\"gnetId\":7639,\"revision\":48},\"istio-service\":{\"datasource\":\"Prometheus\",\"gnetId\":7636,\"revision\":48},\"istio-workload\":{\"datasource\":\"Prometheus\",\"gnetId\":7630,\"revision\":48}},\"jvm\":{\"spring-boot-statistic\":{\"url\":\"https://gds-dev-grafana.s3-eu-west-1.amazonaws.com/dashboards/spring-boot-statistics.json\"}},\"k8s\":{\"kubernetes-monitoring\":{\"datasource\":\"Prometheus\",\"gnetId\":7249,\"revision\":1},\"kubernetes-monitoring-prom\":{\"datasource\":\"Prometheus\",\"gnetId\":12206,\"revision\":1},\"node-exporter\":{\"datasource\":\"Prometheus\",\"gnetId\":1860,\"revision\":21}}},\"datasources\":{\"datasources.yaml\":{\"apiVersion\":1,\"datasources\":[{\"access\":\"proxy\",\"isDefault\":false,\"name\":\"default-kubecost\",\"type\":\"prometheus\",\"url\":\"http://monitoring:9090\"}]}},\"deploymentStrategy\":{\"type\":\"RollingUpdate\"},\"grafana.ini\":{\"auth.anonymous\":{\"enabled\":true},\"server\":{\"root_url\":\"\"}},\"labels\":{\"app\":\"grafana\",\"context\":\"v1\",\"department\":\"global-digital\",\"owner\":\"enable-gds\",\"scope\":\"platform\",\"team\":\"enable\"},\"plugins\":[\"grafana-clock-panel\",\"grafana-polystat-panel\",\"vonage-status-panel\"],\"podDisruptionBudget\":{\"maxUnavailable\":1},\"podLabels\":{\"app\":\"grafana\",\"context\":\"v1\",\"department\":\"global-digital\",\"owner\":\"enable-gds\",\"scope\":\"platform\",\"team\":\"enable\"},\"replicas\":1,\"resources\":{\"limits\":{\"cpu\":\"100m\",\"memory\":\"128Mi\"},\"requests\":{\"cpu\":\"100m\",\"memory\":\"128Mi\"}},\"service\":{\"labels\":{\"app\":\"grafana\",\"context\":\"v1\",\"department\":\"global-digital\",\"owner\":\"enable-gds\",\"scope\":\"platform\",\"team\":\"enable\"}},\"sidecar\":{\"dashboards\":{\"enabled\":true,\"searchNamespace\":\"ALL\"},\"datasources\":{\"enabled\":true,\"searchNamespace\":\"ALL\"}}},\"kubeDns\":{\"enabled\":true},\"nodeExporter\":{\"enabled\":true},\"prometheus\":{\"prometheusSpec\":{\"additionalScrapeConfigs\":[{\"dns_sd_configs\":[{\"names\":[\"kubecost-cost-analyzer.kubecost\"],\"port\":9003,\"type\":\"A\"}],\"honor_labels\":true,\"job_name\":\"kubecost\",\"metrics_path\":\"/metrics\",\"scheme\":\"http\",\"scrape_interval\":\"1m\",\"scrape_timeout\":\"10s\"},{\"job_name\":\"kubecost-networking\",\"kubernetes_sd_configs\":[{\"role\":\"pod\"}],\"relabel_configs\":[{\"action\":\"keep\",\"regex\":\"kubecost-network-costs\",\"source_labels\":[\"__meta_kubernetes_pod_label_app\"]}]},{\"job_name\":\"ambassador-internal\",\"kubernetes_sd_configs\":[{\"role\":\"endpoints\"}],\"relabel_configs\":[{\"action\":\"keep\",\"regex\":\"ambassador;ambassador-internal-admin;ambassador-admin\",\"source_labels\":[\"__meta_kubernetes_namespace\",\"__meta_kubernetes_service_name\",\"__meta_kubernetes_endpoint_port_name\"]}],\"scrape_interval\":\"15s\"},{\"job_name\":\"ambassador-external\",\"kubernetes_sd_configs\":[{\"role\":\"endpoints\"}],\"relabel_configs\":[{\"action\":\"keep\",\"regex\":\"ambassador;ambassador-external-admin;ambassador-admin\",\"source_labels\":[\"__meta_kubernetes_namespace\",\"__meta_kubernetes_service_name\",\"__meta_kubernetes_endpoint_port_name\"]}],\"scrape_interval\":\"15s\"},{\"job_name\":\"felix_metrics\",\"kubernetes_sd_configs\":[{\"role\":\"endpoints\"}],\"relabel_configs\":[{\"action\":\"keep\",\"regex\":\"kube-system;felix-metrics-svc;monitor\",\"source_labels\":[\"__meta_kubernetes_namespace\",\"__meta_kubernetes_service_name\",\"__meta_kubernetes_endpoint_port_name\"]}],\"scheme\":\"http\",\"scrape_interval\":\"5s\"},{\"job_name\":\"typha_metrics\",\"kubernetes_sd_configs\":[{\"role\":\"endpoints\"}],\"relabel_configs\":[{\"action\":\"keep\",\"regex\":\"kube-system;typha-metrics-svc;monitor\",\"source_labels\":[\"__meta_kubernetes_namespace\",\"__meta_kubernetes_service_name\",\"__meta_kubernetes_endpoint_port_name\"]}],\"scheme\":\"http\",\"scrape_interval\":\"5s\"},{\"job_name\":\"external-secrets\",\"kubernetes_sd_configs\":[{\"role\":\"endpoints\"}],\"relabel_configs\":[{\"action\":\"keep\",\"regex\":\"external-secrets;external-secrets-kubernetes-external-secrets;prometheus\",\"source_labels\":[\"__meta_kubernetes_namespace\",\"__meta_kubernetes_service_name\",\"__meta_kubernetes_endpoint_port_name\"]}],\"scrape_interval\":\"15s\"}],\"podMetadata\":{\"labels\":{\"app\":\"prometheus\",\"context\":\"v1\",\"department\":\"global-digital\",\"owner\":\"enable-gds\",\"scope\":\"platform\",\"team\":\"enable\"}},\"serviceMonitorSelector\":{},\"serviceMonitorSelectorNilUsesHelmValues\":false},\"service\":{\"labels\":{\"app\":\"prometheus\",\"context\":\"v1\",\"department\":\"global-digital\",\"owner\":\"enable-gds\",\"scope\":\"platform\",\"team\":\"enable\"}}},\"prometheus-node-exporter\":{\"podLabels\":{\"app\":\"prometheus-node-exporter\",\"context\":\"v1\",\"department\":\"global-digital\",\"owner\":\"enable-gds\",\"scope\":\"platform\",\"team\":\"enable\"}}}",
                "version": "15.4.4"
              }
            ],
            "name": "monitoring",
            "namespace": "monitoring",
            "postrender": [],
            "recreate_pods": false,
            "render_subchart_notes": true,
            "replace": false,
            "repository": "https://prometheus-community.github.io/helm-charts/",
            "repository_ca_file": null,
            "repository_cert_file": null,
            "repository_key_file": null,
            "repository_password": null,
            "repository_username": null,
            "reset_values": false,
            "reuse_values": false,
            "set": [],
            "set_sensitive": [],
            "skip_crds": false,
            "status": "failed",
            "timeout": 300,
            "values": [
              "# https://github.com/prometheus-community/helm-charts/blob/main/charts/kube-prometheus-stack/values.yaml\r\n---\r\nglobal:\r\n  rbac:\r\n    create: true\r\n    pspEnabled: false\r\nnodeExporter:\r\n  enabled: true\r\nkubeDns:\r\n  enabled: true\r\nprometheus-node-exporter:\r\n  podLabels:\r\n    app: prometheus-node-exporter\r\n    context: v1\r\n    scope: platform\r\n    owner: enable-gds\r\n    team: enable\r\n    department: global-digital\r\n#---------------Prometheus-------------------\r\nprometheus:\r\n  service:\r\n    labels:\r\n      app: prometheus\r\n      context: v1\r\n      scope: platform\r\n      owner: enable-gds\r\n      team: enable\r\n      department: global-digital\r\n  prometheusSpec:\r\n    serviceMonitorSelectorNilUsesHelmValues: false\r\n    serviceMonitorSelector: {}    \r\n    podMetadata:\r\n      labels:\r\n        app: prometheus\r\n        context: v1\r\n        scope: platform\r\n        owner: enable-gds\r\n        team: enable\r\n        department: global-digital\r\n    # storageSpec:\r\n    #   volumeClaimTemplate:\r\n    #     spec:\r\n    #       # storageClassName: gp2\r\n    #       accessModes: [\"ReadWriteOnce\"]\r\n    #       resources:\r\n    #         requests:\r\n    #           storage: 10Gi\r\n#-------------scrape_configs---------------\r\n    additionalScrapeConfigs:\r\n    #-----------kubecost-----------------\r\n    - job_name: kubecost\r\n      honor_labels: true\r\n      scrape_interval: 1m\r\n      scrape_timeout: 10s\r\n      metrics_path: /metrics\r\n      scheme: http\r\n      dns_sd_configs:\r\n      - names:\r\n        - kubecost-cost-analyzer.kubecost\r\n        type: 'A'\r\n        port: 9003\r\n    - job_name: kubecost-networking\r\n      kubernetes_sd_configs:\r\n        - role: pod\r\n      relabel_configs:\r\n        - source_labels: [__meta_kubernetes_pod_label_app]\r\n          action: keep\r\n          regex: kubecost-network-costs\r\n    #-----------ambassador---------------\r\n    - job_name: ambassador-internal\r\n      scrape_interval: 15s\r\n      kubernetes_sd_configs:\r\n      - role: endpoints\r\n      relabel_configs:\r\n      - source_labels: [ __meta_kubernetes_namespace, __meta_kubernetes_service_name, __meta_kubernetes_endpoint_port_name ]\r\n        action: keep\r\n        regex: ambassador;ambassador-internal-admin;ambassador-admin\r\n    - job_name: ambassador-external\r\n      scrape_interval: 15s\r\n      kubernetes_sd_configs:\r\n      - role: endpoints\r\n      relabel_configs:\r\n      - source_labels: [ __meta_kubernetes_namespace, __meta_kubernetes_service_name, __meta_kubernetes_endpoint_port_name ]\r\n        action: keep\r\n        regex: ambassador;ambassador-external-admin;ambassador-admin\r\n    #--------------calico----------------\r\n    - job_name: felix_metrics\r\n      scrape_interval: 5s\r\n      scheme: http\r\n      kubernetes_sd_configs:\r\n      - role: endpoints\r\n      relabel_configs:\r\n      - source_labels: [__meta_kubernetes_namespace, __meta_kubernetes_service_name, __meta_kubernetes_endpoint_port_name]\r\n        regex: kube-system;felix-metrics-svc;monitor\r\n        action: keep\r\n    - job_name: typha_metrics\r\n      scrape_interval: 5s\r\n      scheme: http\r\n      kubernetes_sd_configs:\r\n      - role: endpoints\r\n      relabel_configs:\r\n      - source_labels: [__meta_kubernetes_namespace, __meta_kubernetes_service_name, __meta_kubernetes_endpoint_port_name]\r\n        regex: kube-system;typha-metrics-svc;monitor\r\n        action: keep\r\n    #--------external-secrets------------\r\n    - job_name: external-secrets\r\n      scrape_interval: 15s\r\n      kubernetes_sd_configs:\r\n      - role: endpoints\r\n      relabel_configs:\r\n      - source_labels: [ __meta_kubernetes_namespace, __meta_kubernetes_service_name, __meta_kubernetes_endpoint_port_name ]\r\n        action: keep\r\n        regex: external-secrets;external-secrets-kubernetes-external-secrets;prometheus    \r\n#---------------------Grafana---------------------\r\ngrafana:\r\n  deploymentStrategy:\r\n    type: RollingUpdate    \r\n  dashboardProviders:\r\n    dashboardproviders.yaml:\r\n      apiVersion: 1\r\n      providers:\r\n      - name: 'default'\r\n        orgId: 1\r\n        folder: ''\r\n        type: file\r\n        disableDeletion: false\r\n        editable: true\r\n        options:\r\n          path: /var/lib/grafana/dashboards/default\r\n      - name: 'istio'\r\n        orgId: 1\r\n        folder: 'Istio'\r\n        type: file\r\n        disableDeletion: false\r\n        editable: true\r\n        options:\r\n          path: /var/lib/grafana/dashboards/istio\r\n      - name: 'jvm'\r\n        orgId: 1\r\n        folder: 'JVM'\r\n        type: file\r\n        disableDeletion: false\r\n        editable: true\r\n        options:\r\n          path: /var/lib/grafana/dashboards/jvm\r\n      - name: 'k8s'\r\n        orgId: 1\r\n        folder: 'K8s'\r\n        type: file\r\n        disableDeletion: false\r\n        editable: true\r\n        options:\r\n          path: /var/lib/grafana/dashboards/k8s\r\n \r\n  dashboards: \r\n    default:\r\n      calico:\r\n        gnetId: 12175\r\n        revision: 5\r\n        datasource: Prometheus        \r\n      ambassador-dasboard:\r\n        gnetId: 10850\r\n        revision: 2\r\n        datasource: Prometheus\r\n      polistat:\r\n        gnetId: 11360\r\n        revision: 1\r\n        datasource: Prometheus        \r\n    k8s:\r\n      node-exporter:\r\n        gnetId: 1860\r\n        revision: 21\r\n        datasource: Prometheus\r\n      kubernetes-monitoring:\r\n        gnetId: 7249\r\n        revision: 1\r\n        datasource: Prometheus\r\n      kubernetes-monitoring-prom:\r\n        gnetId: 12206\r\n        revision: 1\r\n        datasource: Prometheus\r\n    istio:\r\n      istio-control-pane:\r\n        gnetId: 7645\r\n        revision: 48\r\n        datasource: Prometheus\r\n      istio-workload:\r\n        gnetId: 7630\r\n        revision: 48\r\n        datasource: Prometheus\r\n      istio-service:\r\n        gnetId: 7636\r\n        revision: 48\r\n        datasource: Prometheus\r\n      istio-mesh:\r\n        gnetId: 7639\r\n        revision: 48\r\n        datasource: Prometheus\r\n    jvm:     \r\n      spring-boot-statistic:\r\n        url: https://gds-dev-grafana.s3-eu-west-1.amazonaws.com/dashboards/spring-boot-statistics.json\r\n\r\n  adminPassword: \"admin\"\r\n  replicas: 1\r\n  podDisruptionBudget:\r\n    maxUnavailable: 1\r\n  resources:\r\n    limits:\r\n      cpu: 100m\r\n      memory: 128Mi\r\n    requests:\r\n      cpu: 100m\r\n      memory: 128Mi\r\n  # nodeSelector:\r\n  #   worker-class: private\r\n  sidecar:\r\n    dashboards:\r\n      enabled: true\r\n      searchNamespace: ALL\r\n    datasources:\r\n      enabled: true\r\n      searchNamespace: ALL\r\n  grafana.ini:\r\n    auth.anonymous:\r\n      enabled: true\r\n    server:\r\n      root_url: \"\"\r\n  plugins:\r\n    - grafana-clock-panel\r\n    - grafana-polystat-panel\r\n    - vonage-status-panel\r\n  datasources:\r\n    datasources.yaml:\r\n      apiVersion: 1\r\n      datasources:\r\n      - name: default-kubecost\r\n        type: prometheus\r\n        url: http://monitoring:9090\r\n        access: proxy\r\n        isDefault: false\r\n  service:\r\n    labels:\r\n      app: grafana\r\n      context: v1\r\n      scope: platform\r\n      owner: enable-gds\r\n      team: enable\r\n      department: global-digital\r\n  labels:\r\n    app: grafana\r\n    context: v1\r\n    scope: platform\r\n    owner: enable-gds\r\n    team: enable\r\n    department: global-digital\r\n  podLabels:\r\n    app: grafana\r\n    context: v1\r\n    scope: platform\r\n    owner: enable-gds\r\n    team: enable\r\n    department: global-digital"
            ],
            "verify": false,
            "version": "15.4.4",
            "wait": true
          },
          "private": "bnVsbA==",
          "dependencies": [
            "module.k8s-monitor.kubernetes_namespace.kube_prometheus_stack_namespace"
          ]
        }
      ]
    },
    {
      "module": "module.k8s-dashboard",
      "mode": "managed",
      "type": "kubernetes_cluster_role",
      "name": "kubernetes_dashboard",
      "provider": "provider.kubernetes",
      "instances": [
        {
          "schema_version": 0,
          "attributes": {
            "aggregation_rule": [],
            "id": "kubernetes-dashboard",
            "metadata": [
              {
                "annotations": null,
                "generation": 0,
                "labels": {
                  "application": "kubernetes-dashboard",
                  "context": "v1",
                  "istio-injection": "disabled",
                  "module": "k8s-dashboard",
                  "owner": "gds",
                  "scope": "platform",
                  "team": "enable"
                },
                "name": "kubernetes-dashboard",
                "resource_version": "524",
                "self_link": "",
                "uid": "478cd1fd-022f-4ee4-b8b0-3f6a4612b8c4"
              }
            ],
            "rule": [
              {
                "api_groups": [
                  "metrics.k8s.io"
                ],
                "non_resource_urls": null,
                "resource_names": null,
                "resources": [
                  "pods",
                  "nodes"
                ],
                "verbs": [
                  "get",
                  "list",
                  "watch"
                ]
              }
            ]
          },
          "private": "bnVsbA=="
        }
      ]
    },
    {
      "module": "module.k8s-dashboard",
      "mode": "managed",
      "type": "kubernetes_cluster_role",
      "name": "kubernetes_dashboard_readonly",
      "provider": "provider.kubernetes",
      "instances": [
        {
          "schema_version": 0,
          "attributes": {
            "aggregation_rule": [],
            "id": "kubernetes-dashboard-readonly",
            "metadata": [
              {
                "annotations": null,
                "generation": 0,
                "labels": {
                  "application": "kubernetes-dashboard",
                  "context": "v1",
                  "istio-injection": "disabled",
                  "module": "k8s-dashboard",
                  "owner": "gds",
                  "scope": "platform",
                  "team": "enable"
                },
                "name": "kubernetes-dashboard-readonly",
                "resource_version": "523",
                "self_link": "",
                "uid": "8b11123f-2583-43ab-b142-664afcafd626"
              }
            ],
            "rule": [
              {
                "api_groups": [
                  ""
                ],
                "non_resource_urls": null,
                "resource_names": null,
                "resources": [
                  "configmaps",
                  "endpoints",
                  "persistentvolumeclaims",
                  "pods",
                  "replicationcontrollers",
                  "replicationcontrollers/scale",
                  "serviceaccounts",
                  "services",
                  "nodes",
                  "persistentvolumeclaims",
                  "persistentvolumes"
                ],
                "verbs": [
                  "get",
                  "list",
                  "watch"
                ]
              },
              {
                "api_groups": [
                  ""
                ],
                "non_resource_urls": null,
                "resource_names": null,
                "resources": [
                  "bindings",
                  "events",
                  "limitranges",
                  "namespaces/status",
                  "pods/log",
                  "pods/status",
                  "replicationcontrollers/status",
                  "resourcequotas",
                  "resourcequotas/status"
                ],
                "verbs": [
                  "get",
                  "list",
                  "watch"
                ]
              },
              {
                "api_groups": [
                  ""
                ],
                "non_resource_urls": null,
                "resource_names": null,
                "resources": [
                  "namespaces"
                ],
                "verbs": [
                  "get",
                  "list",
                  "watch"
                ]
              },
              {
                "api_groups": [
                  "apps"
                ],
                "non_resource_urls": null,
                "resource_names": null,
                "resources": [
                  "daemonsets",
                  "deployments",
                  "deployments/scale",
                  "replicasets",
                  "replicasets/scale",
                  "statefulsets"
                ],
                "verbs": [
                  "get",
                  "list",
                  "watch"
                ]
              },
              {
                "api_groups": [
                  "autoscaling"
                ],
                "non_resource_urls": null,
                "resource_names": null,
                "resources": [
                  "horizontalpodautoscalers"
                ],
                "verbs": [
                  "get",
                  "list",
                  "watch"
                ]
              },
              {
                "api_groups": [
                  "batch"
                ],
                "non_resource_urls": null,
                "resource_names": null,
                "resources": [
                  "cronjobs",
                  "jobs"
                ],
                "verbs": [
                  "get",
                  "list",
                  "watch"
                ]
              },
              {
                "api_groups": [
                  "extensions"
                ],
                "non_resource_urls": null,
                "resource_names": null,
                "resources": [
                  "daemonsets",
                  "deployments",
                  "deployments/scale",
                  "ingresses",
                  "networkpolicies",
                  "replicasets",
                  "replicasets/scale",
                  "replicationcontrollers/scale"
                ],
                "verbs": [
                  "get",
                  "list",
                  "watch"
                ]
              },
              {
                "api_groups": [
                  "policy"
                ],
                "non_resource_urls": null,
                "resource_names": null,
                "resources": [
                  "poddisruptionbudgets"
                ],
                "verbs": [
                  "get",
                  "list",
                  "watch"
                ]
              },
              {
                "api_groups": [
                  "networking.k8s.io"
                ],
                "non_resource_urls": null,
                "resource_names": null,
                "resources": [
                  "networkpolicies"
                ],
                "verbs": [
                  "get",
                  "list",
                  "watch"
                ]
              },
              {
                "api_groups": [
                  "storage.k8s.io"
                ],
                "non_resource_urls": null,
                "resource_names": null,
                "resources": [
                  "storageclasses",
                  "volumeattachments"
                ],
                "verbs": [
                  "get",
                  "list",
                  "watch"
                ]
              },
              {
                "api_groups": [
                  "rbac.authorization.k8s.io"
                ],
                "non_resource_urls": null,
                "resource_names": null,
                "resources": [
                  "clusterrolebindings",
                  "clusterroles",
                  "roles",
                  "rolebindings"
                ],
                "verbs": [
                  "get",
                  "list",
                  "watch"
                ]
              }
            ]
          },
          "private": "bnVsbA=="
        }
      ]
    },
    {
      "module": "module.k8s-dashboard",
      "mode": "managed",
      "type": "kubernetes_cluster_role_binding",
      "name": "kubernetes_dashboard",
      "provider": "provider.kubernetes",
      "instances": [
        {
          "schema_version": 0,
          "attributes": {
            "id": "kubernetes-dashboard",
            "metadata": [
              {
                "annotations": null,
                "generation": 0,
                "labels": {
                  "application": "kubernetes-dashboard",
                  "context": "v1",
                  "istio-injection": "disabled",
                  "module": "k8s-dashboard",
                  "owner": "gds",
                  "scope": "platform",
                  "team": "enable"
                },
                "name": "kubernetes-dashboard",
                "resource_version": "699",
                "self_link": "",
                "uid": "75ae548d-b8b4-4a25-a44c-8750190170bd"
              }
            ],
            "role_ref": [
              {
                "api_group": "rbac.authorization.k8s.io",
                "kind": "ClusterRole",
                "name": "kubernetes-dashboard"
              }
            ],
            "subject": [
              {
                "api_group": "",
                "kind": "ServiceAccount",
                "name": "kubernetes-dashboard",
                "namespace": "kubernetes-dashboard"
              }
            ]
          },
          "private": "bnVsbA==",
          "dependencies": [
            "module.k8s-dashboard.kubernetes_cluster_role.kubernetes_dashboard",
            "module.k8s-dashboard.kubernetes_namespace.kubernetes_dashboard",
            "module.k8s-dashboard.kubernetes_service_account.kubernetes_dashboard"
          ]
        }
      ]
    },
    {
      "module": "module.k8s-dashboard",
      "mode": "managed",
      "type": "kubernetes_cluster_role_binding",
      "name": "kubernetes_dashboard_admin",
      "provider": "provider.kubernetes",
      "instances": [
        {
          "schema_version": 0,
          "attributes": {
            "id": "kubernetes-dashboard-admin",
            "metadata": [
              {
                "annotations": null,
                "generation": 0,
                "labels": null,
                "name": "kubernetes-dashboard-admin",
                "resource_version": "705",
                "self_link": "",
                "uid": "64e94e11-7824-4405-9fbe-b98893694c8d"
              }
            ],
            "role_ref": [
              {
                "api_group": "rbac.authorization.k8s.io",
                "kind": "ClusterRole",
                "name": "cluster-admin"
              }
            ],
            "subject": [
              {
                "api_group": "",
                "kind": "ServiceAccount",
                "name": "kubernetes-dashboard-admin",
                "namespace": "kubernetes-dashboard"
              }
            ]
          },
          "private": "bnVsbA==",
          "dependencies": [
            "module.k8s-dashboard.kubernetes_namespace.kubernetes_dashboard",
            "module.k8s-dashboard.kubernetes_service_account.kubernetes_dashboard_admin"
          ]
        }
      ]
    },
    {
      "module": "module.k8s-dashboard",
      "mode": "managed",
      "type": "kubernetes_cluster_role_binding",
      "name": "kubernetes_dashboard_readonly",
      "provider": "provider.kubernetes",
      "instances": [
        {
          "schema_version": 0,
          "attributes": {
            "id": "kubernetes-dashboard-readonly",
            "metadata": [
              {
                "annotations": null,
                "generation": 0,
                "labels": null,
                "name": "kubernetes-dashboard-readonly",
                "resource_version": "706",
                "self_link": "",
                "uid": "910e2524-329a-47df-8d83-62744ca7ef21"
              }
            ],
            "role_ref": [
              {
                "api_group": "rbac.authorization.k8s.io",
                "kind": "ClusterRole",
                "name": "kubernetes-dashboard-readonly"
              }
            ],
            "subject": [
              {
                "api_group": "",
                "kind": "ServiceAccount",
                "name": "kubernetes-dashboard-viewonly",
                "namespace": "kubernetes-dashboard"
              }
            ]
          },
          "private": "bnVsbA==",
          "dependencies": [
            "module.k8s-dashboard.kubernetes_cluster_role.kubernetes_dashboard_readonly",
            "module.k8s-dashboard.kubernetes_namespace.kubernetes_dashboard",
            "module.k8s-dashboard.kubernetes_service_account.kubernetes_dashboard_viewonly"
          ]
        }
      ]
    },
    {
      "module": "module.k8s-dashboard",
      "mode": "managed",
      "type": "kubernetes_config_map",
      "name": "kubernetes_dashboard_settings",
      "provider": "provider.kubernetes",
      "instances": [
        {
          "schema_version": 0,
          "attributes": {
            "binary_data": null,
            "data": {
              "_global": "{\"clusterName\":\"gds-ops\",\"itemsPerPage\":25,\"labelsLimit\":1,\"logsAutoRefreshTimeInterval\":5,\"resourceAutoRefreshTimeInterval\":5,\"disableAccessDeniedNotifications\":true,\"defaultNamespace\":\"default\",\"namespaceFallbackList\":[\"default\"]}"
            },
            "id": "kubernetes-dashboard/kubernetes-dashboard-settings",
            "metadata": [
              {
                "annotations": null,
                "generate_name": "",
                "generation": 0,
                "labels": {
                  "application": "kubernetes-dashboard",
                  "context": "v1",
                  "istio-injection": "disabled",
                  "module": "k8s-dashboard",
                  "owner": "gds",
                  "scope": "platform",
                  "team": "enable"
                },
                "name": "kubernetes-dashboard-settings",
                "namespace": "kubernetes-dashboard",
                "resource_version": "550",
                "self_link": "",
                "uid": "8601bd2a-b56a-499f-a2d7-f9a8e6ebf096"
              }
            ]
          },
          "private": "bnVsbA==",
          "dependencies": [
            "module.k8s-dashboard.kubernetes_namespace.kubernetes_dashboard"
          ]
        }
      ]
    },
    {
      "module": "module.k8s-dashboard",
      "mode": "managed",
      "type": "kubernetes_deployment",
      "name": "kubernetes_dashboard",
      "provider": "provider.kubernetes",
      "instances": [
        {
          "schema_version": 1,
          "attributes": {
            "id": "kubernetes-dashboard/kubernetes-dashboard",
            "metadata": [
              {
                "annotations": null,
                "generate_name": "",
                "generation": 1,
                "labels": {
                  "application": "kubernetes-dashboard",
                  "context": "v1",
                  "istio-injection": "disabled",
                  "module": "k8s-dashboard",
                  "owner": "gds",
                  "scope": "platform",
                  "team": "enable"
                },
                "name": "kubernetes-dashboard",
                "namespace": "kubernetes-dashboard",
                "resource_version": "1157",
                "self_link": "",
                "uid": "6a25b4be-f24e-4fab-ae2d-f4087b725a04"
              }
            ],
            "spec": [
              {
                "min_ready_seconds": 0,
                "paused": false,
                "progress_deadline_seconds": 600,
                "replicas": "1",
                "revision_history_limit": 10,
                "selector": [
                  {
                    "match_expressions": [],
                    "match_labels": {
                      "app": "kubernetes-dashboard",
                      "process": "bootstrap",
                      "unit": "dashboard"
                    }
                  }
                ],
                "strategy": [
                  {
                    "rolling_update": [
                      {
                        "max_surge": "25%",
                        "max_unavailable": "25%"
                      }
                    ],
                    "type": "RollingUpdate"
                  }
                ],
                "template": [
                  {
                    "metadata": [
                      {
                        "annotations": null,
                        "generate_name": "",
                        "generation": 0,
                        "labels": {
                          "app": "kubernetes-dashboard",
                          "application": "kubernetes-dashboard",
                          "context": "v1",
                          "istio-injection": "disabled",
                          "module": "k8s-dashboard",
                          "owner": "gds",
                          "process": "bootstrap",
                          "scope": "platform",
                          "team": "enable",
                          "unit": "dashboard"
                        },
                        "name": "",
                        "namespace": "",
                        "resource_version": "",
                        "self_link": "",
                        "uid": ""
                      }
                    ],
                    "spec": [
                      {
                        "active_deadline_seconds": 0,
                        "affinity": [],
                        "automount_service_account_token": true,
                        "container": [
                          {
                            "args": [
                              "--namespace=kubernetes-dashboard",
                              "--enable-insecure-login=true"
                            ],
                            "command": null,
                            "env": [],
                            "env_from": [],
                            "image": "kubernetesui/dashboard:v2.2.0",
                            "image_pull_policy": "Always",
                            "lifecycle": [],
                            "liveness_probe": [
                              {
                                "exec": [],
                                "failure_threshold": 3,
                                "http_get": [
                                  {
                                    "host": "",
                                    "http_header": [],
                                    "path": "/",
                                    "port": "9090",
                                    "scheme": "HTTP"
                                  }
                                ],
                                "initial_delay_seconds": 30,
                                "period_seconds": 10,
                                "success_threshold": 1,
                                "tcp_socket": [],
                                "timeout_seconds": 30
                              }
                            ],
                            "name": "kubernetes-dashboard",
                            "port": [
                              {
                                "container_port": 9090,
                                "host_ip": "",
                                "host_port": 0,
                                "name": "",
                                "protocol": "TCP"
                              }
                            ],
                            "readiness_probe": [],
                            "resources": [
                              {
                                "limits": null,
                                "requests": null
                              }
                            ],
                            "security_context": [
                              {
                                "allow_privilege_escalation": false,
                                "capabilities": [],
                                "privileged": false,
                                "read_only_root_filesystem": true,
                                "run_as_group": "2001",
                                "run_as_non_root": false,
                                "run_as_user": "1001",
                                "se_linux_options": []
                              }
                            ],
                            "startup_probe": [],
                            "stdin": false,
                            "stdin_once": false,
                            "termination_message_path": "/dev/termination-log",
                            "termination_message_policy": "File",
                            "tty": false,
                            "volume_mount": [
                              {
                                "mount_path": "/certs",
                                "mount_propagation": "None",
                                "name": "kubernetes-dashboard-certs",
                                "read_only": false,
                                "sub_path": ""
                              },
                              {
                                "mount_path": "/tmp",
                                "mount_propagation": "None",
                                "name": "tmp-volume",
                                "read_only": false,
                                "sub_path": ""
                              }
                            ],
                            "working_dir": ""
                          }
                        ],
                        "dns_config": [],
                        "dns_policy": "ClusterFirst",
                        "enable_service_links": true,
                        "host_aliases": [],
                        "host_ipc": false,
                        "host_network": false,
                        "host_pid": false,
                        "hostname": "",
                        "image_pull_secrets": [],
                        "init_container": [],
                        "node_name": "",
                        "node_selector": {
                          "kubernetes.io/os": "linux"
                        },
                        "priority_class_name": "",
                        "readiness_gate": [],
                        "restart_policy": "Always",
                        "security_context": [],
                        "service_account_name": "kubernetes-dashboard",
                        "share_process_namespace": false,
                        "subdomain": "",
                        "termination_grace_period_seconds": 30,
                        "toleration": [],
                        "topology_spread_constraint": [],
                        "volume": [
                          {
                            "aws_elastic_block_store": [],
                            "azure_disk": [],
                            "azure_file": [],
                            "ceph_fs": [],
                            "cinder": [],
                            "config_map": [],
                            "csi": [],
                            "downward_api": [],
                            "empty_dir": [],
                            "fc": [],
                            "flex_volume": [],
                            "flocker": [],
                            "gce_persistent_disk": [],
                            "git_repo": [],
                            "glusterfs": [],
                            "host_path": [],
                            "iscsi": [],
                            "local": [],
                            "name": "kubernetes-dashboard-certs",
                            "nfs": [],
                            "persistent_volume_claim": [],
                            "photon_persistent_disk": [],
                            "projected": [],
                            "quobyte": [],
                            "rbd": [],
                            "secret": [
                              {
                                "default_mode": "0644",
                                "items": [],
                                "optional": false,
                                "secret_name": "kubernetes-dashboard-certs"
                              }
                            ],
                            "vsphere_volume": []
                          },
                          {
                            "aws_elastic_block_store": [],
                            "azure_disk": [],
                            "azure_file": [],
                            "ceph_fs": [],
                            "cinder": [],
                            "config_map": [],
                            "csi": [],
                            "downward_api": [],
                            "empty_dir": [
                              {
                                "medium": "",
                                "size_limit": ""
                              }
                            ],
                            "fc": [],
                            "flex_volume": [],
                            "flocker": [],
                            "gce_persistent_disk": [],
                            "git_repo": [],
                            "glusterfs": [],
                            "host_path": [],
                            "iscsi": [],
                            "local": [],
                            "name": "tmp-volume",
                            "nfs": [],
                            "persistent_volume_claim": [],
                            "photon_persistent_disk": [],
                            "projected": [],
                            "quobyte": [],
                            "rbd": [],
                            "secret": [],
                            "vsphere_volume": []
                          }
                        ]
                      }
                    ]
                  }
                ]
              }
            ],
            "timeouts": null,
            "wait_for_rollout": true
          },
          "private": "eyJlMmJmYjczMC1lY2FhLTExZTYtOGY4OC0zNDM2M2JjN2M0YzAiOnsiY3JlYXRlIjo2MDAwMDAwMDAwMDAsImRlbGV0ZSI6NjAwMDAwMDAwMDAwLCJ1cGRhdGUiOjYwMDAwMDAwMDAwMH0sInNjaGVtYV92ZXJzaW9uIjoiMSJ9",
          "dependencies": [
            "module.k8s-dashboard.kubernetes_namespace.kubernetes_dashboard",
            "module.k8s-dashboard.kubernetes_secret.kubernetes_dashboard_certs",
            "module.k8s-dashboard.kubernetes_service_account.kubernetes_dashboard"
          ]
        }
      ]
    },
    {
      "module": "module.k8s-dashboard",
      "mode": "managed",
      "type": "kubernetes_deployment",
      "name": "kubernetes_metrics_scraper",
      "provider": "provider.kubernetes",
      "instances": [
        {
          "schema_version": 1,
          "attributes": {
            "id": "kubernetes-dashboard/kubernetes-metrics-scraper",
            "metadata": [
              {
                "annotations": null,
                "generate_name": "",
                "generation": 1,
                "labels": {
                  "application": "kubernetes-dashboard",
                  "context": "v1",
                  "istio-injection": "disabled",
                  "module": "k8s-dashboard",
                  "owner": "gds",
                  "scope": "platform",
                  "team": "enable"
                },
                "name": "kubernetes-metrics-scraper",
                "namespace": "kubernetes-dashboard",
                "resource_version": "1181",
                "self_link": "",
                "uid": "9ce62142-1500-406e-a7cf-d4df4146f32f"
              }
            ],
            "spec": [
              {
                "min_ready_seconds": 0,
                "paused": false,
                "progress_deadline_seconds": 600,
                "replicas": "1",
                "revision_history_limit": 10,
                "selector": [
                  {
                    "match_expressions": [],
                    "match_labels": {
                      "app": "kubernetes-dashboard",
                      "process": "bootstrap",
                      "unit": "metrics-scraper"
                    }
                  }
                ],
                "strategy": [
                  {
                    "rolling_update": [
                      {
                        "max_surge": "25%",
                        "max_unavailable": "25%"
                      }
                    ],
                    "type": "RollingUpdate"
                  }
                ],
                "template": [
                  {
                    "metadata": [
                      {
                        "annotations": null,
                        "generate_name": "",
                        "generation": 0,
                        "labels": {
                          "app": "kubernetes-dashboard",
                          "application": "kubernetes-dashboard",
                          "context": "v1",
                          "istio-injection": "disabled",
                          "module": "k8s-dashboard",
                          "owner": "gds",
                          "process": "bootstrap",
                          "scope": "platform",
                          "team": "enable",
                          "unit": "metrics-scraper"
                        },
                        "name": "",
                        "namespace": "",
                        "resource_version": "",
                        "self_link": "",
                        "uid": ""
                      }
                    ],
                    "spec": [
                      {
                        "active_deadline_seconds": 0,
                        "affinity": [],
                        "automount_service_account_token": true,
                        "container": [
                          {
                            "args": null,
                            "command": null,
                            "env": [],
                            "env_from": [],
                            "image": "kubernetesui/metrics-scraper:v1.0.6",
                            "image_pull_policy": "Always",
                            "lifecycle": [],
                            "liveness_probe": [
                              {
                                "exec": [],
                                "failure_threshold": 3,
                                "http_get": [
                                  {
                                    "host": "",
                                    "http_header": [],
                                    "path": "/",
                                    "port": "8000",
                                    "scheme": "HTTP"
                                  }
                                ],
                                "initial_delay_seconds": 30,
                                "period_seconds": 10,
                                "success_threshold": 1,
                                "tcp_socket": [],
                                "timeout_seconds": 30
                              }
                            ],
                            "name": "kubernetes-metrics-scraper",
                            "port": [
                              {
                                "container_port": 8000,
                                "host_ip": "",
                                "host_port": 0,
                                "name": "",
                                "protocol": "TCP"
                              }
                            ],
                            "readiness_probe": [],
                            "resources": [
                              {
                                "limits": null,
                                "requests": null
                              }
                            ],
                            "security_context": [
                              {
                                "allow_privilege_escalation": false,
                                "capabilities": [],
                                "privileged": false,
                                "read_only_root_filesystem": true,
                                "run_as_group": "2001",
                                "run_as_non_root": false,
                                "run_as_user": "1001",
                                "se_linux_options": []
                              }
                            ],
                            "startup_probe": [],
                            "stdin": false,
                            "stdin_once": false,
                            "termination_message_path": "/dev/termination-log",
                            "termination_message_policy": "File",
                            "tty": false,
                            "volume_mount": [
                              {
                                "mount_path": "/tmp",
                                "mount_propagation": "None",
                                "name": "tmp-volume",
                                "read_only": false,
                                "sub_path": ""
                              }
                            ],
                            "working_dir": ""
                          }
                        ],
                        "dns_config": [],
                        "dns_policy": "ClusterFirst",
                        "enable_service_links": true,
                        "host_aliases": [],
                        "host_ipc": false,
                        "host_network": false,
                        "host_pid": false,
                        "hostname": "",
                        "image_pull_secrets": [],
                        "init_container": [],
                        "node_name": "",
                        "node_selector": {
                          "kubernetes.io/os": "linux"
                        },
                        "priority_class_name": "",
                        "readiness_gate": [],
                        "restart_policy": "Always",
                        "security_context": [],
                        "service_account_name": "kubernetes-dashboard",
                        "share_process_namespace": false,
                        "subdomain": "",
                        "termination_grace_period_seconds": 30,
                        "toleration": [],
                        "topology_spread_constraint": [],
                        "volume": [
                          {
                            "aws_elastic_block_store": [],
                            "azure_disk": [],
                            "azure_file": [],
                            "ceph_fs": [],
                            "cinder": [],
                            "config_map": [],
                            "csi": [],
                            "downward_api": [],
                            "empty_dir": [
                              {
                                "medium": "",
                                "size_limit": ""
                              }
                            ],
                            "fc": [],
                            "flex_volume": [],
                            "flocker": [],
                            "gce_persistent_disk": [],
                            "git_repo": [],
                            "glusterfs": [],
                            "host_path": [],
                            "iscsi": [],
                            "local": [],
                            "name": "tmp-volume",
                            "nfs": [],
                            "persistent_volume_claim": [],
                            "photon_persistent_disk": [],
                            "projected": [],
                            "quobyte": [],
                            "rbd": [],
                            "secret": [],
                            "vsphere_volume": []
                          }
                        ]
                      }
                    ]
                  }
                ]
              }
            ],
            "timeouts": null,
            "wait_for_rollout": true
          },
          "private": "eyJlMmJmYjczMC1lY2FhLTExZTYtOGY4OC0zNDM2M2JjN2M0YzAiOnsiY3JlYXRlIjo2MDAwMDAwMDAwMDAsImRlbGV0ZSI6NjAwMDAwMDAwMDAwLCJ1cGRhdGUiOjYwMDAwMDAwMDAwMH0sInNjaGVtYV92ZXJzaW9uIjoiMSJ9",
          "dependencies": [
            "module.k8s-dashboard.kubernetes_namespace.kubernetes_dashboard",
            "module.k8s-dashboard.kubernetes_service_account.kubernetes_dashboard"
          ]
        }
      ]
    },
    {
      "module": "module.k8s-mesh",
      "mode": "managed",
      "type": "kubernetes_namespace",
      "name": "istio_namespace",
      "provider": "provider.kubernetes",
      "instances": [
        {
          "schema_version": 0,
          "attributes": {
            "id": "istio-system",
            "metadata": [
              {
                "annotations": null,
                "generate_name": "",
                "generation": 0,
                "labels": {
                  "app": "istio",
                  "context": "v1",
                  "department": "global-digital",
                  "istio-injection": "disabled",
                  "owner": "gds",
                  "scope": "platform",
                  "team": "enable"
                },
                "name": "istio-system",
                "resource_version": "527",
                "self_link": "",
                "uid": "60413028-fb1e-49d3-87f9-157718513129"
              }
            ],
            "timeouts": null
          },
          "private": "eyJlMmJmYjczMC1lY2FhLTExZTYtOGY4OC0zNDM2M2JjN2M0YzAiOnsiZGVsZXRlIjozMDAwMDAwMDAwMDB9fQ=="
        }
      ]
    },
    {
      "module": "module.k8s-mesh",
      "mode": "managed",
      "type": "kubernetes_namespace",
      "name": "istio_operator_namespace",
      "provider": "provider.kubernetes",
      "instances": [
        {
          "schema_version": 0,
          "attributes": {
            "id": "istio-operator",
            "metadata": [
              {
                "annotations": null,
                "generate_name": "",
                "generation": 0,
                "labels": {
                  "app": "istio-operator",
                  "context": "v1",
                  "department": "global-digital",
                  "istio-injection": "disabled",
                  "istio-operator-managed": "Reconcile",
                  "owner": "gds",
                  "scope": "platform",
                  "team": "enable"
                },
                "name": "istio-operator",
                "resource_version": "528",
                "self_link": "",
                "uid": "a544707c-0a04-4f0e-9a29-0aa448352dc2"
              }
            ],
            "timeouts": null
          },
          "private": "eyJlMmJmYjczMC1lY2FhLTExZTYtOGY4OC0zNDM2M2JjN2M0YzAiOnsiZGVsZXRlIjozMDAwMDAwMDAwMDB9fQ=="
        }
      ]
    },
    {
      "module": "module.k8s-mesh",
      "mode": "managed",
      "type": "kubernetes_namespace",
      "name": "kiali_operator_namespace",
      "provider": "provider.kubernetes",
      "instances": [
        {
          "schema_version": 0,
          "attributes": {
            "id": "kiali-operator",
            "metadata": [
              {
                "annotations": {
                  "cattle.io/status": "placeholder",
                  "lifecycle.cattle.io/create.namespace-auth": "placeholder"
                },
                "generate_name": "",
                "generation": 0,
                "labels": {
                  "app": "kiali-operator",
                  "context": "v1",
                  "department": "global-digital",
                  "istio-injection": "disabled",
                  "owner": "gds",
                  "scope": "platform",
                  "team": "enable"
                },
                "name": "kiali-operator",
                "resource_version": "525",
                "self_link": "",
                "uid": "2ec53b6d-1a3b-4d2c-8c0b-3f902023c804"
              }
            ],
            "timeouts": null
          },
          "private": "eyJlMmJmYjczMC1lY2FhLTExZTYtOGY4OC0zNDM2M2JjN2M0YzAiOnsiZGVsZXRlIjozMDAwMDAwMDAwMDB9fQ=="
        }
      ]
    },
    {
      "module": "module.k8s-monitor",
      "mode": "managed",
      "type": "kubernetes_namespace",
      "name": "kube_prometheus_stack_namespace",
      "provider": "provider.kubernetes",
      "instances": [
        {
          "schema_version": 0,
          "attributes": {
            "id": "monitoring",
            "metadata": [
              {
                "annotations": null,
                "generate_name": "",
                "generation": 0,
                "labels": {
                  "app": "kube-prometheus-stack",
                  "context": "v1",
                  "owner": "gds",
                  "scope": "platform",
                  "team": "enable"
                },
                "name": "monitoring",
                "resource_version": "529",
                "self_link": "",
                "uid": "99c75813-5a87-4fc0-b5c3-102ff5af0185"
              }
            ],
            "timeouts": null
          },
          "private": "eyJlMmJmYjczMC1lY2FhLTExZTYtOGY4OC0zNDM2M2JjN2M0YzAiOnsiZGVsZXRlIjozMDAwMDAwMDAwMDB9fQ=="
        }
      ]
    },
    {
      "module": "module.k8s-dashboard",
      "mode": "managed",
      "type": "kubernetes_namespace",
      "name": "kubernetes_dashboard",
      "provider": "provider.kubernetes",
      "instances": [
        {
          "schema_version": 0,
          "attributes": {
            "id": "kubernetes-dashboard",
            "metadata": [
              {
                "annotations": null,
                "generate_name": "",
                "generation": 0,
                "labels": {
                  "application": "kubernetes-dashboard",
                  "context": "v1",
                  "istio-injection": "disabled",
                  "module": "k8s-dashboard",
                  "owner": "gds",
                  "scope": "platform",
                  "team": "enable"
                },
                "name": "kubernetes-dashboard",
                "resource_version": "526",
                "self_link": "",
                "uid": "438f7c87-7350-4e8a-9180-802c42da041d"
              }
            ],
            "timeouts": null
          },
          "private": "eyJlMmJmYjczMC1lY2FhLTExZTYtOGY4OC0zNDM2M2JjN2M0YzAiOnsiZGVsZXRlIjozMDAwMDAwMDAwMDB9fQ=="
        }
      ]
    },
    {
      "module": "module.k8s-dashboard",
      "mode": "managed",
      "type": "kubernetes_role",
      "name": "kubernetes_dashboard",
      "provider": "provider.kubernetes",
      "instances": [
        {
          "schema_version": 0,
          "attributes": {
            "id": "kubernetes-dashboard/kubernetes-dashboard",
            "metadata": [
              {
                "annotations": null,
                "generate_name": "",
                "generation": 0,
                "labels": {
                  "application": "kubernetes-dashboard",
                  "context": "v1",
                  "istio-injection": "disabled",
                  "module": "k8s-dashboard",
                  "owner": "gds",
                  "scope": "platform",
                  "team": "enable"
                },
                "name": "kubernetes-dashboard",
                "namespace": "kubernetes-dashboard",
                "resource_version": "572",
                "self_link": "",
                "uid": "9497a311-7fa9-4cb4-b54a-00c355286a68"
              }
            ],
            "rule": [
              {
                "api_groups": [
                  ""
                ],
                "resource_names": [
                  "kubernetes-dashboard-certs",
                  "kubernetes-dashboard-csrf",
                  "kubernetes-dashboard-key-holder"
                ],
                "resources": [
                  "secrets"
                ],
                "verbs": [
                  "delete",
                  "get",
                  "update"
                ]
              },
              {
                "api_groups": [
                  ""
                ],
                "resource_names": [
                  "kubernetes-dashboard-settings"
                ],
                "resources": [
                  "configmaps"
                ],
                "verbs": [
                  "get",
                  "update"
                ]
              },
              {
                "api_groups": [
                  ""
                ],
                "resource_names": [
                  "dashboard-metrics-scraper",
                  "heapster"
                ],
                "resources": [
                  "services"
                ],
                "verbs": [
                  "proxy"
                ]
              },
              {
                "api_groups": [
                  ""
                ],
                "resource_names": [
                  "dashboard-metrics-scraper",
                  "heapster",
                  "http:dashboard-metrics-scraper",
                  "http:heapster:",
                  "https:heapster:"
                ],
                "resources": [
                  "services/proxy"
                ],
                "verbs": [
                  "get"
                ]
              }
            ]
          },
          "private": "bnVsbA==",
          "dependencies": [
            "module.k8s-dashboard.kubernetes_config_map.kubernetes_dashboard_settings",
            "module.k8s-dashboard.kubernetes_namespace.kubernetes_dashboard",
            "module.k8s-dashboard.kubernetes_secret.kubernetes_dashboard_certs",
            "module.k8s-dashboard.kubernetes_secret.kubernetes_dashboard_csrf",
            "module.k8s-dashboard.kubernetes_secret.kubernetes_dashboard_key_holder",
            "module.k8s-dashboard.kubernetes_service.kubernetes_metrics_scraper",
            "module.k8s-dashboard.random_string.kubernetes_dashboard_csrf"
          ]
        }
      ]
    },
    {
      "module": "module.k8s-dashboard",
      "mode": "managed",
      "type": "kubernetes_role_binding",
      "name": "kubernetes_dashboard",
      "provider": "provider.kubernetes",
      "instances": [
        {
          "schema_version": 0,
          "attributes": {
            "id": "kubernetes-dashboard/kubernetes-dashboard",
            "metadata": [
              {
                "annotations": null,
                "generation": 0,
                "labels": {
                  "application": "kubernetes-dashboard",
                  "context": "v1",
                  "istio-injection": "disabled",
                  "module": "k8s-dashboard",
                  "owner": "gds",
                  "scope": "platform",
                  "team": "enable"
                },
                "name": "kubernetes-dashboard",
                "namespace": "kubernetes-dashboard",
                "resource_version": "707",
                "self_link": "",
                "uid": "3f5a2d47-0fb4-46e7-ab67-ee1aeeb53d06"
              }
            ],
            "role_ref": [
              {
                "api_group": "rbac.authorization.k8s.io",
                "kind": "Role",
                "name": "kubernetes-dashboard"
              }
            ],
            "subject": [
              {
                "api_group": "",
                "kind": "ServiceAccount",
                "name": "kubernetes-dashboard",
                "namespace": "kubernetes-dashboard"
              }
            ]
          },
          "private": "bnVsbA==",
          "dependencies": [
            "module.k8s-dashboard.kubernetes_config_map.kubernetes_dashboard_settings",
            "module.k8s-dashboard.kubernetes_namespace.kubernetes_dashboard",
            "module.k8s-dashboard.kubernetes_role.kubernetes_dashboard",
            "module.k8s-dashboard.kubernetes_secret.kubernetes_dashboard_certs",
            "module.k8s-dashboard.kubernetes_secret.kubernetes_dashboard_csrf",
            "module.k8s-dashboard.kubernetes_secret.kubernetes_dashboard_key_holder",
            "module.k8s-dashboard.kubernetes_service.kubernetes_metrics_scraper",
            "module.k8s-dashboard.kubernetes_service_account.kubernetes_dashboard",
            "module.k8s-dashboard.random_string.kubernetes_dashboard_csrf"
          ]
        }
      ]
    },
    {
      "module": "module.k8s-dashboard",
      "mode": "managed",
      "type": "kubernetes_secret",
      "name": "kubernetes_dashboard_certs",
      "provider": "provider.kubernetes",
      "instances": [
        {
          "schema_version": 0,
          "attributes": {
            "data": null,
            "id": "kubernetes-dashboard/kubernetes-dashboard-certs",
            "metadata": [
              {
                "annotations": null,
                "generate_name": "",
                "generation": 0,
                "labels": {
                  "application": "kubernetes-dashboard",
                  "context": "v1",
                  "istio-injection": "disabled",
                  "module": "k8s-dashboard",
                  "owner": "gds",
                  "scope": "platform",
                  "team": "enable"
                },
                "name": "kubernetes-dashboard-certs",
                "namespace": "kubernetes-dashboard",
                "resource_version": "556",
                "self_link": "",
                "uid": "f4b3811b-04ac-4636-963c-58cdaa660e97"
              }
            ],
            "type": "Opaque"
          },
          "private": "bnVsbA==",
          "dependencies": [
            "module.k8s-dashboard.kubernetes_namespace.kubernetes_dashboard"
          ]
        }
      ]
    },
    {
      "module": "module.k8s-dashboard",
      "mode": "managed",
      "type": "kubernetes_secret",
      "name": "kubernetes_dashboard_csrf",
      "provider": "provider.kubernetes",
      "instances": [
        {
          "schema_version": 0,
          "attributes": {
            "data": {
              "csrf": "eXkbCCnIzcrQBIQS"
            },
            "id": "kubernetes-dashboard/kubernetes-dashboard-csrf",
            "metadata": [
              {
                "annotations": null,
                "generate_name": "",
                "generation": 0,
                "labels": {
                  "application": "kubernetes-dashboard",
                  "context": "v1",
                  "istio-injection": "disabled",
                  "module": "k8s-dashboard",
                  "owner": "gds",
                  "scope": "platform",
                  "team": "enable"
                },
                "name": "kubernetes-dashboard-csrf",
                "namespace": "kubernetes-dashboard",
                "resource_version": "559",
                "self_link": "",
                "uid": "5ae02d7f-cf0e-4c4b-ad11-e2fd786d88a4"
              }
            ],
            "type": "Opaque"
          },
          "private": "bnVsbA==",
          "dependencies": [
            "module.k8s-dashboard.kubernetes_namespace.kubernetes_dashboard",
            "module.k8s-dashboard.random_string.kubernetes_dashboard_csrf"
          ]
        }
      ]
    },
    {
      "module": "module.k8s-dashboard",
      "mode": "managed",
      "type": "kubernetes_secret",
      "name": "kubernetes_dashboard_key_holder",
      "provider": "provider.kubernetes",
      "instances": [
        {
          "schema_version": 0,
          "attributes": {
            "data": null,
            "id": "kubernetes-dashboard/kubernetes-dashboard-key-holder",
            "metadata": [
              {
                "annotations": null,
                "generate_name": "",
                "generation": 0,
                "labels": null,
                "name": "kubernetes-dashboard-key-holder",
                "namespace": "kubernetes-dashboard",
                "resource_version": "552",
                "self_link": "",
                "uid": "b01f2f0a-df8a-427d-a0c1-80fb4c02a08a"
              }
            ],
            "type": "Opaque"
          },
          "private": "bnVsbA==",
          "dependencies": [
            "module.k8s-dashboard.kubernetes_namespace.kubernetes_dashboard"
          ]
        }
      ]
    },
    {
      "module": "module.k8s-dashboard",
      "mode": "managed",
      "type": "kubernetes_service",
      "name": "kubernetes_dashboard",
      "provider": "provider.kubernetes",
      "instances": [
        {
          "schema_version": 1,
          "attributes": {
            "id": "kubernetes-dashboard/kubernetes-dashboard",
            "metadata": [
              {
                "annotations": null,
                "generate_name": "",
                "generation": 0,
                "labels": {
                  "application": "kubernetes-dashboard",
                  "context": "v1",
                  "istio-injection": "disabled",
                  "module": "k8s-dashboard",
                  "owner": "gds",
                  "scope": "platform",
                  "team": "enable"
                },
                "name": "kubernetes-dashboard",
                "namespace": "kubernetes-dashboard",
                "resource_version": "554",
                "self_link": "",
                "uid": "54832ebc-6817-4684-a39a-70b7d33bc67c"
              }
            ],
            "spec": [
              {
                "cluster_ip": "10.97.77.19",
                "external_ips": null,
                "external_name": "",
                "external_traffic_policy": "",
                "health_check_node_port": 0,
                "load_balancer_ip": "",
                "load_balancer_source_ranges": null,
                "port": [
                  {
                    "name": "",
                    "node_port": 0,
                    "port": 80,
                    "protocol": "TCP",
                    "target_port": "9090"
                  }
                ],
                "publish_not_ready_addresses": false,
                "selector": {
                  "app": "kubernetes-dashboard",
                  "process": "bootstrap",
                  "unit": "dashboard"
                },
                "session_affinity": "None",
                "type": "ClusterIP"
              }
            ],
            "status": [
              {
                "load_balancer": [
                  {
                    "ingress": []
                  }
                ]
              }
            ],
            "timeouts": null,
            "wait_for_load_balancer": true
          },
          "private": "eyJlMmJmYjczMC1lY2FhLTExZTYtOGY4OC0zNDM2M2JjN2M0YzAiOnsiY3JlYXRlIjo2MDAwMDAwMDAwMDB9LCJzY2hlbWFfdmVyc2lvbiI6IjEifQ==",
          "dependencies": [
            "module.k8s-dashboard.kubernetes_namespace.kubernetes_dashboard"
          ]
        }
      ]
    },
    {
      "module": "module.k8s-dashboard",
      "mode": "managed",
      "type": "kubernetes_service",
      "name": "kubernetes_metrics_scraper",
      "provider": "provider.kubernetes",
      "instances": [
        {
          "schema_version": 1,
          "attributes": {
            "id": "kubernetes-dashboard/dashboard-metrics-scraper",
            "metadata": [
              {
                "annotations": null,
                "generate_name": "",
                "generation": 0,
                "labels": {
                  "application": "kubernetes-dashboard",
                  "context": "v1",
                  "istio-injection": "disabled",
                  "module": "k8s-dashboard",
                  "owner": "gds",
                  "scope": "platform",
                  "team": "enable"
                },
                "name": "dashboard-metrics-scraper",
                "namespace": "kubernetes-dashboard",
                "resource_version": "561",
                "self_link": "",
                "uid": "783c9c2e-7e99-48ab-b683-ef89bd5da643"
              }
            ],
            "spec": [
              {
                "cluster_ip": "10.97.234.70",
                "external_ips": null,
                "external_name": "",
                "external_traffic_policy": "",
                "health_check_node_port": 0,
                "load_balancer_ip": "",
                "load_balancer_source_ranges": null,
                "port": [
                  {
                    "name": "",
                    "node_port": 0,
                    "port": 8000,
                    "protocol": "TCP",
                    "target_port": "8000"
                  }
                ],
                "publish_not_ready_addresses": false,
                "selector": {
                  "app": "kubernetes-dashboard",
                  "process": "bootstrap",
                  "unit": "metrics-scraper"
                },
                "session_affinity": "None",
                "type": "ClusterIP"
              }
            ],
            "status": [
              {
                "load_balancer": [
                  {
                    "ingress": []
                  }
                ]
              }
            ],
            "timeouts": null,
            "wait_for_load_balancer": true
          },
          "private": "eyJlMmJmYjczMC1lY2FhLTExZTYtOGY4OC0zNDM2M2JjN2M0YzAiOnsiY3JlYXRlIjo2MDAwMDAwMDAwMDB9LCJzY2hlbWFfdmVyc2lvbiI6IjEifQ==",
          "dependencies": [
            "module.k8s-dashboard.kubernetes_namespace.kubernetes_dashboard"
          ]
        }
      ]
    },
    {
      "module": "module.k8s-dashboard",
      "mode": "managed",
      "type": "kubernetes_service_account",
      "name": "kubernetes_dashboard",
      "provider": "provider.kubernetes",
      "instances": [
        {
          "schema_version": 0,
          "attributes": {
            "automount_service_account_token": true,
            "default_secret_name": "kubernetes-dashboard-token-5dlfn",
            "id": "kubernetes-dashboard/kubernetes-dashboard",
            "image_pull_secret": [],
            "metadata": [
              {
                "annotations": null,
                "generate_name": "",
                "generation": 0,
                "labels": {
                  "application": "kubernetes-dashboard",
                  "context": "v1",
                  "istio-injection": "disabled",
                  "module": "k8s-dashboard",
                  "owner": "gds",
                  "scope": "platform",
                  "team": "enable"
                },
                "name": "kubernetes-dashboard",
                "namespace": "kubernetes-dashboard",
                "resource_version": "567",
                "self_link": "",
                "uid": "e97b0139-de6c-49e2-a7bc-c6a45e331c13"
              }
            ],
            "secret": [],
            "timeouts": null
          },
          "private": "eyJlMmJmYjczMC1lY2FhLTExZTYtOGY4OC0zNDM2M2JjN2M0YzAiOnsiY3JlYXRlIjozMDAwMDAwMDAwMH19",
          "dependencies": [
            "module.k8s-dashboard.kubernetes_namespace.kubernetes_dashboard"
          ]
        }
      ]
    },
    {
      "module": "module.k8s-dashboard",
      "mode": "managed",
      "type": "kubernetes_service_account",
      "name": "kubernetes_dashboard_admin",
      "provider": "provider.kubernetes",
      "instances": [
        {
          "schema_version": 0,
          "attributes": {
            "automount_service_account_token": true,
            "default_secret_name": "kubernetes-dashboard-admin-token-ncll2",
            "id": "kubernetes-dashboard/kubernetes-dashboard-admin",
            "image_pull_secret": [],
            "metadata": [
              {
                "annotations": null,
                "generate_name": "",
                "generation": 0,
                "labels": {
                  "application": "kubernetes-dashboard",
                  "context": "v1",
                  "istio-injection": "disabled",
                  "module": "k8s-dashboard",
                  "owner": "gds",
                  "scope": "platform",
                  "team": "enable"
                },
                "name": "kubernetes-dashboard-admin",
                "namespace": "kubernetes-dashboard",
                "resource_version": "570",
                "self_link": "",
                "uid": "2174f4fa-148b-44e3-a269-818384dc2ff3"
              }
            ],
            "secret": [],
            "timeouts": null
          },
          "private": "eyJlMmJmYjczMC1lY2FhLTExZTYtOGY4OC0zNDM2M2JjN2M0YzAiOnsiY3JlYXRlIjozMDAwMDAwMDAwMH19",
          "dependencies": [
            "module.k8s-dashboard.kubernetes_namespace.kubernetes_dashboard"
          ]
        }
      ]
    },
    {
      "module": "module.k8s-dashboard",
      "mode": "managed",
      "type": "kubernetes_service_account",
      "name": "kubernetes_dashboard_viewonly",
      "provider": "provider.kubernetes",
      "instances": [
        {
          "schema_version": 0,
          "attributes": {
            "automount_service_account_token": true,
            "default_secret_name": "kubernetes-dashboard-viewonly-token-jsrbq",
            "id": "kubernetes-dashboard/kubernetes-dashboard-viewonly",
            "image_pull_secret": [],
            "metadata": [
              {
                "annotations": null,
                "generate_name": "",
                "generation": 0,
                "labels": {
                  "application": "kubernetes-dashboard",
                  "context": "v1",
                  "istio-injection": "disabled",
                  "module": "k8s-dashboard",
                  "owner": "gds",
                  "scope": "platform",
                  "team": "enable"
                },
                "name": "kubernetes-dashboard-viewonly",
                "namespace": "kubernetes-dashboard",
                "resource_version": "571",
                "self_link": "",
                "uid": "7ad84821-dac8-4172-b1f9-70517b9b410b"
              }
            ],
            "secret": [],
            "timeouts": null
          },
          "private": "eyJlMmJmYjczMC1lY2FhLTExZTYtOGY4OC0zNDM2M2JjN2M0YzAiOnsiY3JlYXRlIjozMDAwMDAwMDAwMH19",
          "dependencies": [
            "module.k8s-dashboard.kubernetes_namespace.kubernetes_dashboard"
          ]
        }
      ]
    },
    {
      "module": "module.k8s-monitor",
      "mode": "managed",
      "type": "null_resource",
      "name": "echo",
      "provider": "provider.null",
      "instances": [
        {
          "schema_version": 0,
          "attributes": {
            "id": "5700444684228091513",
            "triggers": null
          },
          "private": "bnVsbA==",
          "dependencies": [
            "module.k8s-dashboard.kubernetes_namespace.kubernetes_dashboard",
            "module.k8s-dashboard.kubernetes_service_account.kubernetes_dashboard_viewonly"
          ]
        }
      ]
    },
    {
      "module": "module.k8s-dashboard",
      "mode": "managed",
      "type": "random_string",
      "name": "kubernetes_dashboard_csrf",
      "provider": "provider.random",
      "instances": [
        {
          "schema_version": 1,
          "attributes": {
            "id": "eXkbCCnIzcrQBIQS",
            "keepers": null,
            "length": 16,
            "lower": true,
            "min_lower": 0,
            "min_numeric": 0,
            "min_special": 0,
            "min_upper": 0,
            "number": true,
            "override_special": "/@£$",
            "result": "eXkbCCnIzcrQBIQS",
            "special": true,
            "upper": true
          },
          "private": "eyJzY2hlbWFfdmVyc2lvbiI6IjEifQ=="
        }
      ]
    }
  ]
}
